// !$*UTF8*$!
{
	archiveVersion = 1;
	classes = {
	};
	objectVersion = 50;
	objects = {

/* Begin PBXBuildFile section */
		165095CC23607691004241E9 /* AppDelegate.swift in Sources */ = {isa = PBXBuildFile; fileRef = 165095CB23607691004241E9 /* AppDelegate.swift */; };
		165095CE23607691004241E9 /* SceneDelegate.swift in Sources */ = {isa = PBXBuildFile; fileRef = 165095CD23607691004241E9 /* SceneDelegate.swift */; };
		165095D223607694004241E9 /* Assets.xcassets in Resources */ = {isa = PBXBuildFile; fileRef = 165095D123607694004241E9 /* Assets.xcassets */; };
		165095D523607694004241E9 /* Preview Assets.xcassets in Resources */ = {isa = PBXBuildFile; fileRef = 165095D423607694004241E9 /* Preview Assets.xcassets */; };
		165095D823607694004241E9 /* LaunchScreen.storyboard in Resources */ = {isa = PBXBuildFile; fileRef = 165095D623607694004241E9 /* LaunchScreen.storyboard */; };
		165095FE236076CE004241E9 /* Data.swift in Sources */ = {isa = PBXBuildFile; fileRef = 165095FC236076CE004241E9 /* Data.swift */; };
		165095FF236076CE004241E9 /* Landmark.swift in Sources */ = {isa = PBXBuildFile; fileRef = 165095FD236076CE004241E9 /* Landmark.swift */; };
		16509606236076D8004241E9 /* LandmarkDetailView.swift in Sources */ = {isa = PBXBuildFile; fileRef = 16509601236076D8004241E9 /* LandmarkDetailView.swift */; };
		16509607236076D8004241E9 /* MapView.swift in Sources */ = {isa = PBXBuildFile; fileRef = 16509602236076D8004241E9 /* MapView.swift */; };
		16509608236076D8004241E9 /* CircleImage.swift in Sources */ = {isa = PBXBuildFile; fileRef = 16509603236076D8004241E9 /* CircleImage.swift */; };
		16509609236076D8004241E9 /* LandmarkRowView.swift in Sources */ = {isa = PBXBuildFile; fileRef = 16509604236076D8004241E9 /* LandmarkRowView.swift */; };
		1650960A236076D8004241E9 /* LandmarkListView.swift in Sources */ = {isa = PBXBuildFile; fileRef = 16509605236076D8004241E9 /* LandmarkListView.swift */; };
		16608A2D23629C40001E957D /* hiddenlake.jpg in Resources */ = {isa = PBXBuildFile; fileRef = 16608A2023629C40001E957D /* hiddenlake.jpg */; };
		16608A2F23629C40001E957D /* landmarkData.json in Resources */ = {isa = PBXBuildFile; fileRef = 16608A2223629C40001E957D /* landmarkData.json */; };
		16608A3023629C40001E957D /* icybay.jpg in Resources */ = {isa = PBXBuildFile; fileRef = 16608A2323629C40001E957D /* icybay.jpg */; };
		16608A3123629C40001E957D /* stmarylake.jpg in Resources */ = {isa = PBXBuildFile; fileRef = 16608A2423629C40001E957D /* stmarylake.jpg */; };
		16608A3223629C40001E957D /* twinlake.jpg in Resources */ = {isa = PBXBuildFile; fileRef = 16608A2523629C40001E957D /* twinlake.jpg */; };
		16608A3323629C40001E957D /* rainbowlake.jpg in Resources */ = {isa = PBXBuildFile; fileRef = 16608A2623629C40001E957D /* rainbowlake.jpg */; };
		16608A3423629C40001E957D /* chincoteague.jpg in Resources */ = {isa = PBXBuildFile; fileRef = 16608A2723629C40001E957D /* chincoteague.jpg */; };
		16608A3523629C40001E957D /* turtlerock.jpg in Resources */ = {isa = PBXBuildFile; fileRef = 16608A2823629C40001E957D /* turtlerock.jpg */; };
		16608A3623629C40001E957D /* silversalmoncreek.jpg in Resources */ = {isa = PBXBuildFile; fileRef = 16608A2923629C40001E957D /* silversalmoncreek.jpg */; };
		16608A3723629C40001E957D /* lakemcdonald.jpg in Resources */ = {isa = PBXBuildFile; fileRef = 16608A2A23629C40001E957D /* lakemcdonald.jpg */; };
		16608A3823629C40001E957D /* chilkoottrail.jpg in Resources */ = {isa = PBXBuildFile; fileRef = 16608A2B23629C40001E957D /* chilkoottrail.jpg */; };
		16608A3923629C40001E957D /* umbagog.jpg in Resources */ = {isa = PBXBuildFile; fileRef = 16608A2C23629C40001E957D /* umbagog.jpg */; };
		16608A3D2362A7A3001E957D /* UserData.swift in Sources */ = {isa = PBXBuildFile; fileRef = 16608A3C2362A7A3001E957D /* UserData.swift */; };
		16608A3E2362C72B001E957D /* charleyrivers.jpg in Resources */ = {isa = PBXBuildFile; fileRef = 16608A2123629C40001E957D /* charleyrivers.jpg */; };
/* End PBXBuildFile section */

/* Begin PBXFileReference section */
		165095C823607691004241E9 /* Essentials_SwiftUI.app */ = {isa = PBXFileReference; explicitFileType = wrapper.application; includeInIndex = 0; path = Essentials_SwiftUI.app; sourceTree = BUILT_PRODUCTS_DIR; };
		165095CB23607691004241E9 /* AppDelegate.swift */ = {isa = PBXFileReference; lastKnownFileType = sourcecode.swift; path = AppDelegate.swift; sourceTree = "<group>"; };
		165095CD23607691004241E9 /* SceneDelegate.swift */ = {isa = PBXFileReference; lastKnownFileType = sourcecode.swift; path = SceneDelegate.swift; sourceTree = "<group>"; };
		165095D123607694004241E9 /* Assets.xcassets */ = {isa = PBXFileReference; lastKnownFileType = folder.assetcatalog; path = Assets.xcassets; sourceTree = "<group>"; };
		165095D423607694004241E9 /* Preview Assets.xcassets */ = {isa = PBXFileReference; lastKnownFileType = folder.assetcatalog; path = "Preview Assets.xcassets"; sourceTree = "<group>"; };
		165095D723607694004241E9 /* Base */ = {isa = PBXFileReference; lastKnownFileType = file.storyboard; name = Base; path = Base.lproj/LaunchScreen.storyboard; sourceTree = "<group>"; };
		165095D923607694004241E9 /* Info.plist */ = {isa = PBXFileReference; lastKnownFileType = text.plist.xml; path = Info.plist; sourceTree = "<group>"; };
		165095FC236076CE004241E9 /* Data.swift */ = {isa = PBXFileReference; fileEncoding = 4; lastKnownFileType = sourcecode.swift; path = Data.swift; sourceTree = "<group>"; };
		165095FD236076CE004241E9 /* Landmark.swift */ = {isa = PBXFileReference; fileEncoding = 4; lastKnownFileType = sourcecode.swift; path = Landmark.swift; sourceTree = "<group>"; };
		16509601236076D8004241E9 /* LandmarkDetailView.swift */ = {isa = PBXFileReference; fileEncoding = 4; lastKnownFileType = sourcecode.swift; path = LandmarkDetailView.swift; sourceTree = "<group>"; };
		16509602236076D8004241E9 /* MapView.swift */ = {isa = PBXFileReference; fileEncoding = 4; lastKnownFileType = sourcecode.swift; path = MapView.swift; sourceTree = "<group>"; };
		16509603236076D8004241E9 /* CircleImage.swift */ = {isa = PBXFileReference; fileEncoding = 4; lastKnownFileType = sourcecode.swift; path = CircleImage.swift; sourceTree = "<group>"; };
		16509604236076D8004241E9 /* LandmarkRowView.swift */ = {isa = PBXFileReference; fileEncoding = 4; lastKnownFileType = sourcecode.swift; path = LandmarkRowView.swift; sourceTree = "<group>"; };
		16509605236076D8004241E9 /* LandmarkListView.swift */ = {isa = PBXFileReference; fileEncoding = 4; lastKnownFileType = sourcecode.swift; path = LandmarkListView.swift; sourceTree = "<group>"; };
		16608A2023629C40001E957D /* hiddenlake.jpg */ = {isa = PBXFileReference; lastKnownFileType = image.jpeg; path = hiddenlake.jpg; sourceTree = "<group>"; };
		16608A2123629C40001E957D /* charleyrivers.jpg */ = {isa = PBXFileReference; lastKnownFileType = image.jpeg; path = charleyrivers.jpg; sourceTree = "<group>"; };
		16608A2223629C40001E957D /* landmarkData.json */ = {isa = PBXFileReference; fileEncoding = 4; lastKnownFileType = text.json; path = landmarkData.json; sourceTree = "<group>"; };
		16608A2323629C40001E957D /* icybay.jpg */ = {isa = PBXFileReference; lastKnownFileType = image.jpeg; path = icybay.jpg; sourceTree = "<group>"; };
		16608A2423629C40001E957D /* stmarylake.jpg */ = {isa = PBXFileReference; lastKnownFileType = image.jpeg; path = stmarylake.jpg; sourceTree = "<group>"; };
		16608A2523629C40001E957D /* twinlake.jpg */ = {isa = PBXFileReference; lastKnownFileType = image.jpeg; path = twinlake.jpg; sourceTree = "<group>"; };
		16608A2623629C40001E957D /* rainbowlake.jpg */ = {isa = PBXFileReference; lastKnownFileType = image.jpeg; path = rainbowlake.jpg; sourceTree = "<group>"; };
		16608A2723629C40001E957D /* chincoteague.jpg */ = {isa = PBXFileReference; lastKnownFileType = image.jpeg; path = chincoteague.jpg; sourceTree = "<group>"; };
		16608A2823629C40001E957D /* turtlerock.jpg */ = {isa = PBXFileReference; lastKnownFileType = image.jpeg; path = turtlerock.jpg; sourceTree = "<group>"; };
		16608A2923629C40001E957D /* silversalmoncreek.jpg */ = {isa = PBXFileReference; lastKnownFileType = image.jpeg; path = silversalmoncreek.jpg; sourceTree = "<group>"; };
		16608A2A23629C40001E957D /* lakemcdonald.jpg */ = {isa = PBXFileReference; lastKnownFileType = image.jpeg; path = lakemcdonald.jpg; sourceTree = "<group>"; };
		16608A2B23629C40001E957D /* chilkoottrail.jpg */ = {isa = PBXFileReference; lastKnownFileType = image.jpeg; path = chilkoottrail.jpg; sourceTree = "<group>"; };
		16608A2C23629C40001E957D /* umbagog.jpg */ = {isa = PBXFileReference; lastKnownFileType = image.jpeg; path = umbagog.jpg; sourceTree = "<group>"; };
		16608A3C2362A7A3001E957D /* UserData.swift */ = {isa = PBXFileReference; lastKnownFileType = sourcecode.swift; path = UserData.swift; sourceTree = "<group>"; };
/* End PBXFileReference section */

/* Begin PBXFrameworksBuildPhase section */
		165095C523607691004241E9 /* Frameworks */ = {
			isa = PBXFrameworksBuildPhase;
			buildActionMask = 2147483647;
			files = (
			);
			runOnlyForDeploymentPostprocessing = 0;
		};
/* End PBXFrameworksBuildPhase section */

/* Begin PBXGroup section */
		165095BF23607691004241E9 = {
			isa = PBXGroup;
			children = (
				165095CA23607691004241E9 /* Essentials_SwiftUI */,
				165095C923607691004241E9 /* Products */,
			);
			sourceTree = "<group>";
		};
		165095C923607691004241E9 /* Products */ = {
			isa = PBXGroup;
			children = (
				165095C823607691004241E9 /* Essentials_SwiftUI.app */,
			);
			name = Products;
			sourceTree = "<group>";
		};
		165095CA23607691004241E9 /* Essentials_SwiftUI */ = {
			isa = PBXGroup;
			children = (
				165095CB23607691004241E9 /* AppDelegate.swift */,
				165095CD23607691004241E9 /* SceneDelegate.swift */,
				1650960C236076EA004241E9 /* Resources */,
				16509600236076D8004241E9 /* View */,
				165095FB236076CE004241E9 /* Model */,
				165095D123607694004241E9 /* Assets.xcassets */,
				165095D623607694004241E9 /* LaunchScreen.storyboard */,
				165095D923607694004241E9 /* Info.plist */,
				165095D323607694004241E9 /* Preview Content */,
			);
			path = Essentials_SwiftUI;
			sourceTree = "<group>";
		};
		165095D323607694004241E9 /* Preview Content */ = {
			isa = PBXGroup;
			children = (
				165095D423607694004241E9 /* Preview Assets.xcassets */,
			);
			path = "Preview Content";
			sourceTree = "<group>";
		};
		165095FB236076CE004241E9 /* Model */ = {
			isa = PBXGroup;
			children = (
				165095FC236076CE004241E9 /* Data.swift */,
				165095FD236076CE004241E9 /* Landmark.swift */,
				16608A3C2362A7A3001E957D /* UserData.swift */,
			);
			path = Model;
			sourceTree = "<group>";
		};
		16509600236076D8004241E9 /* View */ = {
			isa = PBXGroup;
			children = (
				16509601236076D8004241E9 /* LandmarkDetailView.swift */,
				16509602236076D8004241E9 /* MapView.swift */,
				16509603236076D8004241E9 /* CircleImage.swift */,
				16509604236076D8004241E9 /* LandmarkRowView.swift */,
				16509605236076D8004241E9 /* LandmarkListView.swift */,
			);
			path = View;
			sourceTree = "<group>";
		};
		1650960C236076EA004241E9 /* Resources */ = {
			isa = PBXGroup;
			children = (
				16608A2123629C40001E957D /* charleyrivers.jpg */,
				16608A2B23629C40001E957D /* chilkoottrail.jpg */,
				16608A2723629C40001E957D /* chincoteague.jpg */,
				16608A2023629C40001E957D /* hiddenlake.jpg */,
				16608A2323629C40001E957D /* icybay.jpg */,
				16608A2A23629C40001E957D /* lakemcdonald.jpg */,
				16608A2223629C40001E957D /* landmarkData.json */,
				16608A2623629C40001E957D /* rainbowlake.jpg */,
				16608A2923629C40001E957D /* silversalmoncreek.jpg */,
				16608A2423629C40001E957D /* stmarylake.jpg */,
				16608A2823629C40001E957D /* turtlerock.jpg */,
				16608A2523629C40001E957D /* twinlake.jpg */,
				16608A2C23629C40001E957D /* umbagog.jpg */,
			);
			path = Resources;
			sourceTree = "<group>";
		};
/* End PBXGroup section */

/* Begin PBXNativeTarget section */
		165095C723607691004241E9 /* Essentials_SwiftUI */ = {
			isa = PBXNativeTarget;
			buildConfigurationList = 165095F223607694004241E9 /* Build configuration list for PBXNativeTarget "Essentials_SwiftUI" */;
			buildPhases = (
				165095C423607691004241E9 /* Sources */,
				165095C523607691004241E9 /* Frameworks */,
				165095C623607691004241E9 /* Resources */,
			);
			buildRules = (
			);
			dependencies = (
			);
			name = Essentials_SwiftUI;
			productName = Essentials_SwiftUI;
			productReference = 165095C823607691004241E9 /* Essentials_SwiftUI.app */;
			productType = "com.apple.product-type.application";
		};
/* End PBXNativeTarget section */

/* Begin PBXProject section */
		165095C023607691004241E9 /* Project object */ = {
			isa = PBXProject;
			attributes = {
				LastSwiftUpdateCheck = 1100;
				LastUpgradeCheck = 1100;
				ORGANIZATIONNAME = olecx;
				TargetAttributes = {
					165095C723607691004241E9 = {
						CreatedOnToolsVersion = 11.0;
					};
				};
			};
			buildConfigurationList = 165095C323607691004241E9 /* Build configuration list for PBXProject "Essentials_SwiftUI" */;
			compatibilityVersion = "Xcode 9.3";
			developmentRegion = en;
			hasScannedForEncodings = 0;
			knownRegions = (
				en,
				Base,
			);
			mainGroup = 165095BF23607691004241E9;
			productRefGroup = 165095C923607691004241E9 /* Products */;
			projectDirPath = "";
			projectRoot = "";
			targets = (
				165095C723607691004241E9 /* Essentials_SwiftUI */,
			);
		};
/* End PBXProject section */

/* Begin PBXResourcesBuildPhase section */
		165095C623607691004241E9 /* Resources */ = {
			isa = PBXResourcesBuildPhase;
			buildActionMask = 2147483647;
			files = (
				16608A3723629C40001E957D /* lakemcdonald.jpg in Resources */,
				16608A3623629C40001E957D /* silversalmoncreek.jpg in Resources */,
				16608A3323629C40001E957D /* rainbowlake.jpg in Resources */,
				16608A3E2362C72B001E957D /* charleyrivers.jpg in Resources */,
				165095D823607694004241E9 /* LaunchScreen.storyboard in Resources */,
				16608A3123629C40001E957D /* stmarylake.jpg in Resources */,
				165095D523607694004241E9 /* Preview Assets.xcassets in Resources */,
				16608A2D23629C40001E957D /* hiddenlake.jpg in Resources */,
				165095D223607694004241E9 /* Assets.xcassets in Resources */,
				16608A3423629C40001E957D /* chincoteague.jpg in Resources */,
				16608A3523629C40001E957D /* turtlerock.jpg in Resources */,
				16608A3223629C40001E957D /* twinlake.jpg in Resources */,
				16608A3923629C40001E957D /* umbagog.jpg in Resources */,
				16608A3023629C40001E957D /* icybay.jpg in Resources */,
				16608A3823629C40001E957D /* chilkoottrail.jpg in Resources */,
				16608A2F23629C40001E957D /* landmarkData.json in Resources */,
			);
			runOnlyForDeploymentPostprocessing = 0;
		};
/* End PBXResourcesBuildPhase section */

/* Begin PBXSourcesBuildPhase section */
		165095C423607691004241E9 /* Sources */ = {
			isa = PBXSourcesBuildPhase;
			buildActionMask = 2147483647;
			files = (
				16509607236076D8004241E9 /* MapView.swift in Sources */,
				16509608236076D8004241E9 /* CircleImage.swift in Sources */,
				1650960A236076D8004241E9 /* LandmarkListView.swift in Sources */,
				165095CC23607691004241E9 /* AppDelegate.swift in Sources */,
				165095CE23607691004241E9 /* SceneDelegate.swift in Sources */,
				16608A3D2362A7A3001E957D /* UserData.swift in Sources */,
				165095FE236076CE004241E9 /* Data.swift in Sources */,
				165095FF236076CE004241E9 /* Landmark.swift in Sources */,
				16509606236076D8004241E9 /* LandmarkDetailView.swift in Sources */,
				16509609236076D8004241E9 /* LandmarkRowView.swift in Sources */,
			);
			runOnlyForDeploymentPostprocessing = 0;
		};
/* End PBXSourcesBuildPhase section */

/* Begin PBXVariantGroup section */
		165095D623607694004241E9 /* LaunchScreen.storyboard */ = {
			isa = PBXVariantGroup;
			children = (
				165095D723607694004241E9 /* Base */,
			);
			name = LaunchScreen.storyboard;
			sourceTree = "<group>";
		};
/* End PBXVariantGroup section */

/* Begin XCBuildConfiguration section */
		165095F023607694004241E9 /* Debug */ = {
			isa = XCBuildConfiguration;
			buildSettings = {
				ALWAYS_SEARCH_USER_PATHS = NO;
				CLANG_ANALYZER_NONNULL = YES;
				CLANG_ANALYZER_NUMBER_OBJECT_CONVERSION = YES_AGGRESSIVE;
				CLANG_CXX_LANGUAGE_STANDARD = "gnu++14";
				CLANG_CXX_LIBRARY = "libc++";
				CLANG_ENABLE_MODULES = YES;
				CLANG_ENABLE_OBJC_ARC = YES;
				CLANG_ENABLE_OBJC_WEAK = YES;
				CLANG_WARN_BLOCK_CAPTURE_AUTORELEASING = YES;
				CLANG_WARN_BOOL_CONVERSION = YES;
				CLANG_WARN_COMMA = YES;
				CLANG_WARN_CONSTANT_CONVERSION = YES;
				CLANG_WARN_DEPRECATED_OBJC_IMPLEMENTATIONS = YES;
				CLANG_WARN_DIRECT_OBJC_ISA_USAGE = YES_ERROR;
				CLANG_WARN_DOCUMENTATION_COMMENTS = YES;
				CLANG_WARN_EMPTY_BODY = YES;
				CLANG_WARN_ENUM_CONVERSION = YES;
				CLANG_WARN_INFINITE_RECURSION = YES;
				CLANG_WARN_INT_CONVERSION = YES;
				CLANG_WARN_NON_LITERAL_NULL_CONVERSION = YES;
				CLANG_WARN_OBJC_IMPLICIT_RETAIN_SELF = YES;
				CLANG_WARN_OBJC_LITERAL_CONVERSION = YES;
				CLANG_WARN_OBJC_ROOT_CLASS = YES_ERROR;
				CLANG_WARN_RANGE_LOOP_ANALYSIS = YES;
				CLANG_WARN_STRICT_PROTOTYPES = YES;
				CLANG_WARN_SUSPICIOUS_MOVE = YES;
				CLANG_WARN_UNGUARDED_AVAILABILITY = YES_AGGRESSIVE;
				CLANG_WARN_UNREACHABLE_CODE = YES;
				CLANG_WARN__DUPLICATE_METHOD_MATCH = YES;
				COPY_PHASE_STRIP = NO;
				DEBUG_INFORMATION_FORMAT = dwarf;
				ENABLE_STRICT_OBJC_MSGSEND = YES;
				ENABLE_TESTABILITY = YES;
				GCC_C_LANGUAGE_STANDARD = gnu11;
				GCC_DYNAMIC_NO_PIC = NO;
				GCC_NO_COMMON_BLOCKS = YES;
				GCC_OPTIMIZATION_LEVEL = 0;
				GCC_PREPROCESSOR_DEFINITIONS = (
					"DEBUG=1",
					"$(inherited)",
				);
				GCC_WARN_64_TO_32_BIT_CONVERSION = YES;
				GCC_WARN_ABOUT_RETURN_TYPE = YES_ERROR;
				GCC_WARN_UNDECLARED_SELECTOR = YES;
				GCC_WARN_UNINITIALIZED_AUTOS = YES_AGGRESSIVE;
				GCC_WARN_UNUSED_FUNCTION = YES;
				GCC_WARN_UNUSED_VARIABLE = YES;
				IPHONEOS_DEPLOYMENT_TARGET = 13.0;
				MTL_ENABLE_DEBUG_INFO = INCLUDE_SOURCE;
				MTL_FAST_MATH = YES;
				ONLY_ACTIVE_ARCH = YES;
				SDKROOT = iphoneos;
				SWIFT_ACTIVE_COMPILATION_CONDITIONS = DEBUG;
				SWIFT_OPTIMIZATION_LEVEL = "-Onone";
			};
			name = Debug;
		};
		165095F123607694004241E9 /* Release */ = {
			isa = XCBuildConfiguration;
			buildSettings = {
				ALWAYS_SEARCH_USER_PATHS = NO;
				CLANG_ANALYZER_NONNULL = YES;
				CLANG_ANALYZER_NUMBER_OBJECT_CONVERSION = YES_AGGRESSIVE;
				CLANG_CXX_LANGUAGE_STANDARD = "gnu++14";
				CLANG_CXX_LIBRARY = "libc++";
				CLANG_ENABLE_MODULES = YES;
				CLANG_ENABLE_OBJC_ARC = YES;
				CLANG_ENABLE_OBJC_WEAK = YES;
				CLANG_WARN_BLOCK_CAPTURE_AUTORELEASING = YES;
				CLANG_WARN_BOOL_CONVERSION = YES;
				CLANG_WARN_COMMA = YES;
				CLANG_WARN_CONSTANT_CONVERSION = YES;
				CLANG_WARN_DEPRECATED_OBJC_IMPLEMENTATIONS = YES;
				CLANG_WARN_DIRECT_OBJC_ISA_USAGE = YES_ERROR;
				CLANG_WARN_DOCUMENTATION_COMMENTS = YES;
				CLANG_WARN_EMPTY_BODY = YES;
				CLANG_WARN_ENUM_CONVERSION = YES;
				CLANG_WARN_INFINITE_RECURSION = YES;
				CLANG_WARN_INT_CONVERSION = YES;
				CLANG_WARN_NON_LITERAL_NULL_CONVERSION = YES;
				CLANG_WARN_OBJC_IMPLICIT_RETAIN_SELF = YES;
				CLANG_WARN_OBJC_LITERAL_CONVERSION = YES;
				CLANG_WARN_OBJC_ROOT_CLASS = YES_ERROR;
				CLANG_WARN_RANGE_LOOP_ANALYSIS = YES;
				CLANG_WARN_STRICT_PROTOTYPES = YES;
				CLANG_WARN_SUSPICIOUS_MOVE = YES;
				CLANG_WARN_UNGUARDED_AVAILABILITY = YES_AGGRESSIVE;
				CLANG_WARN_UNREACHABLE_CODE = YES;
				CLANG_WARN__DUPLICATE_METHOD_MATCH = YES;
				COPY_PHASE_STRIP = NO;
				DEBUG_INFORMATION_FORMAT = "dwarf-with-dsym";
				ENABLE_NS_ASSERTIONS = NO;
				ENABLE_STRICT_OBJC_MSGSEND = YES;
				GCC_C_LANGUAGE_STANDARD = gnu11;
				GCC_NO_COMMON_BLOCKS = YES;
				GCC_WARN_64_TO_32_BIT_CONVERSION = YES;
				GCC_WARN_ABOUT_RETURN_TYPE = YES_ERROR;
				GCC_WARN_UNDECLARED_SELECTOR = YES;
				GCC_WARN_UNINITIALIZED_AUTOS = YES_AGGRESSIVE;
				GCC_WARN_UNUSED_FUNCTION = YES;
				GCC_WARN_UNUSED_VARIABLE = YES;
				IPHONEOS_DEPLOYMENT_TARGET = 13.0;
				MTL_ENABLE_DEBUG_INFO = NO;
				MTL_FAST_MATH = YES;
				SDKROOT = iphoneos;
				SWIFT_COMPILATION_MODE = wholemodule;
				SWIFT_OPTIMIZATION_LEVEL = "-O";
				VALIDATE_PRODUCT = YES;
			};
			name = Release;
		};
		165095F323607694004241E9 /* Debug */ = {
			isa = XCBuildConfiguration;
			buildSettings = {
				ASSETCATALOG_COMPILER_APPICON_NAME = AppIcon;
				CODE_SIGN_STYLE = Automatic;
				DEVELOPMENT_ASSET_PATHS = "\"Essentials_SwiftUI/Preview Content\"";
				DEVELOPMENT_TEAM = RVS482PXM9;
				ENABLE_PREVIEWS = YES;
				INFOPLIST_FILE = Essentials_SwiftUI/Info.plist;
				LD_RUNPATH_SEARCH_PATHS = (
					"$(inherited)",
					"@executable_path/Frameworks",
				);
				PRODUCT_BUNDLE_IDENTIFIER = "hqm.Essentials-SwiftUI";
				PRODUCT_NAME = "$(TARGET_NAME)";
				SWIFT_VERSION = 5.0;
				TARGETED_DEVICE_FAMILY = "1,2";
			};
			name = Debug;
		};
		165095F423607694004241E9 /* Release */ = {
			isa = XCBuildConfiguration;
			buildSettings = {
				ASSETCATALOG_COMPILER_APPICON_NAME = AppIcon;
				CODE_SIGN_STYLE = Automatic;
				DEVELOPMENT_ASSET_PATHS = "\"Essentials_SwiftUI/Preview Content\"";
				DEVELOPMENT_TEAM = RVS482PXM9;
				ENABLE_PREVIEWS = YES;
				INFOPLIST_FILE = Essentials_SwiftUI/Info.plist;
				LD_RUNPATH_SEARCH_PATHS = (
					"$(inherited)",
					"@executable_path/Frameworks",
				);
				PRODUCT_BUNDLE_IDENTIFIER = "hqm.Essentials-SwiftUI";
				PRODUCT_NAME = "$(TARGET_NAME)";
				SWIFT_VERSION = 5.0;
				TARGETED_DEVICE_FAMILY = "1,2";
			};
			name = Release;
		};
/* End XCBuildConfiguration section */

/* Begin XCConfigurationList section */
		165095C323607691004241E9 /* Build configuration list for PBXProject "Essentials_SwiftUI" */ = {
			isa = XCConfigurationList;
			buildConfigurations = (
				165095F023607694004241E9 /* Debug */,
				165095F123607694004241E9 /* Release */,
			);
			defaultConfigurationIsVisible = 0;
			defaultConfigurationName = Release;
		};
		165095F223607694004241E9 /* Build configuration list for PBXNativeTarget "Essentials_SwiftUI" */ = {
			isa = XCConfigurationList;
			buildConfigurations = (
				165095F323607694004241E9 /* Debug */,
				165095F423607694004241E9 /* Release */,
			);
			defaultConfigurationIsVisible = 0;
			defaultConfigurationName = Release;
		};
/* End XCConfigurationList section */
	};
	rootObject = 165095C023607691004241E9 /* Project object */;
}
