// !$*UTF8*$!
{
	archiveVersion = 1;
	classes = {
	};
	objectVersion = 50;
	objects = {

/* Begin PBXBuildFile section */
		163349682243789E00E24F02 /* AppDelegate.m in Sources */ = {isa = PBXBuildFile; fileRef = 163349672243789E00E24F02 /* AppDelegate.m */; };
		1633496B2243789E00E24F02 /* ViewController.m in Sources */ = {isa = PBXBuildFile; fileRef = 1633496A2243789E00E24F02 /* ViewController.m */; };
		1633496E2243789E00E24F02 /* Main.storyboard in Resources */ = {isa = PBXBuildFile; fileRef = 1633496C2243789E00E24F02 /* Main.storyboard */; };
		163349702243789F00E24F02 /* Assets.xcassets in Resources */ = {isa = PBXBuildFile; fileRef = 1633496F2243789F00E24F02 /* Assets.xcassets */; };
		163349732243789F00E24F02 /* LaunchScreen.storyboard in Resources */ = {isa = PBXBuildFile; fileRef = 163349712243789F00E24F02 /* LaunchScreen.storyboard */; };
		163349762243789F00E24F02 /* main.m in Sources */ = {isa = PBXBuildFile; fileRef = 163349752243789F00E24F02 /* main.m */; };
		163349B022438D3D00E24F02 /* LoginLib.framework in Frameworks */ = {isa = PBXBuildFile; fileRef = 163349AF22438D3D00E24F02 /* LoginLib.framework */; };
/* End PBXBuildFile section */

/* Begin PBXFileReference section */
		163349632243789E00E24F02 /* ParentEnd.app */ = {isa = PBXFileReference; explicitFileType = wrapper.application; includeInIndex = 0; path = ParentEnd.app; sourceTree = BUILT_PRODUCTS_DIR; };
		163349662243789E00E24F02 /* AppDelegate.h */ = {isa = PBXFileReference; lastKnownFileType = sourcecode.c.h; path = AppDelegate.h; sourceTree = "<group>"; };
		163349672243789E00E24F02 /* AppDelegate.m */ = {isa = PBXFileReference; lastKnownFileType = sourcecode.c.objc; path = AppDelegate.m; sourceTree = "<group>"; };
		163349692243789E00E24F02 /* ViewController.h */ = {isa = PBXFileReference; lastKnownFileType = sourcecode.c.h; path = ViewController.h; sourceTree = "<group>"; };
		1633496A2243789E00E24F02 /* ViewController.m */ = {isa = PBXFileReference; lastKnownFileType = sourcecode.c.objc; path = ViewController.m; sourceTree = "<group>"; };
		1633496D2243789E00E24F02 /* Base */ = {isa = PBXFileReference; lastKnownFileType = file.storyboard; name = Base; path = Base.lproj/Main.storyboard; sourceTree = "<group>"; };
		1633496F2243789F00E24F02 /* Assets.xcassets */ = {isa = PBXFileReference; lastKnownFileType = folder.assetcatalog; path = Assets.xcassets; sourceTree = "<group>"; };
		163349722243789F00E24F02 /* Base */ = {isa = PBXFileReference; lastKnownFileType = file.storyboard; name = Base; path = Base.lproj/LaunchScreen.storyboard; sourceTree = "<group>"; };
		163349742243789F00E24F02 /* Info.plist */ = {isa = PBXFileReference; lastKnownFileType = text.plist.xml; path = Info.plist; sourceTree = "<group>"; };
		163349752243789F00E24F02 /* main.m */ = {isa = PBXFileReference; lastKnownFileType = sourcecode.c.objc; path = main.m; sourceTree = "<group>"; };
		163349AF22438D3D00E24F02 /* LoginLib.framework */ = {isa = PBXFileReference; explicitFileType = wrapper.framework; path = LoginLib.framework; sourceTree = BUILT_PRODUCTS_DIR; };
/* End PBXFileReference section */

/* Begin PBXFrameworksBuildPhase section */
		163349602243789E00E24F02 /* Frameworks */ = {
			isa = PBXFrameworksBuildPhase;
			buildActionMask = 2147483647;
			files = (
				163349B022438D3D00E24F02 /* LoginLib.framework in Frameworks */,
			);
			runOnlyForDeploymentPostprocessing = 0;
		};
/* End PBXFrameworksBuildPhase section */

/* Begin PBXGroup section */
		1633495A2243789E00E24F02 = {
			isa = PBXGroup;
			children = (
				163349652243789E00E24F02 /* ParentEnd */,
				163349642243789E00E24F02 /* Products */,
				163349AE22438D3D00E24F02 /* Frameworks */,
			);
			sourceTree = "<group>";
		};
		163349642243789E00E24F02 /* Products */ = {
			isa = PBXGroup;
			children = (
				163349632243789E00E24F02 /* ParentEnd.app */,
			);
			name = Products;
			sourceTree = "<group>";
		};
		163349652243789E00E24F02 /* ParentEnd */ = {
			isa = PBXGroup;
			children = (
				163349662243789E00E24F02 /* AppDelegate.h */,
				163349672243789E00E24F02 /* AppDelegate.m */,
				163349692243789E00E24F02 /* ViewController.h */,
				1633496A2243789E00E24F02 /* ViewController.m */,
				1633496C2243789E00E24F02 /* Main.storyboard */,
				1633496F2243789F00E24F02 /* Assets.xcassets */,
				163349712243789F00E24F02 /* LaunchScreen.storyboard */,
				163349742243789F00E24F02 /* Info.plist */,
				163349752243789F00E24F02 /* main.m */,
			);
			path = ParentEnd;
			sourceTree = "<group>";
		};
		163349AE22438D3D00E24F02 /* Frameworks */ = {
			isa = PBXGroup;
			children = (
				163349AF22438D3D00E24F02 /* LoginLib.framework */,
			);
			name = Frameworks;
			sourceTree = "<group>";
		};
/* End PBXGroup section */

/* Begin PBXNativeTarget section */
		163349622243789E00E24F02 /* ParentEnd */ = {
			isa = PBXNativeTarget;
			buildConfigurationList = 163349792243789F00E24F02 /* Build configuration list for PBXNativeTarget "ParentEnd" */;
			buildPhases = (
				1633495F2243789E00E24F02 /* Sources */,
				163349602243789E00E24F02 /* Frameworks */,
				163349612243789E00E24F02 /* Resources */,
			);
			buildRules = (
			);
			dependencies = (
			);
			name = ParentEnd;
			productName = ParentEnd;
			productReference = 163349632243789E00E24F02 /* ParentEnd.app */;
			productType = "com.apple.product-type.application";
		};
/* End PBXNativeTarget section */

/* Begin PBXProject section */
		1633495B2243789E00E24F02 /* Project object */ = {
			isa = PBXProject;
			attributes = {
				LastUpgradeCheck = 1010;
				ORGANIZATIONNAME = ok;
				TargetAttributes = {
					163349622243789E00E24F02 = {
						CreatedOnToolsVersion = 10.1;
					};
				};
			};
			buildConfigurationList = 1633495E2243789E00E24F02 /* Build configuration list for PBXProject "ParentEnd" */;
			compatibilityVersion = "Xcode 9.3";
			developmentRegion = en;
			hasScannedForEncodings = 0;
			knownRegions = (
				en,
				Base,
			);
			mainGroup = 1633495A2243789E00E24F02;
			productRefGroup = 163349642243789E00E24F02 /* Products */;
			projectDirPath = "";
			projectRoot = "";
			targets = (
				163349622243789E00E24F02 /* ParentEnd */,
			);
		};
/* End PBXProject section */

/* Begin PBXResourcesBuildPhase section */
		163349612243789E00E24F02 /* Resources */ = {
			isa = PBXResourcesBuildPhase;
			buildActionMask = 2147483647;
			files = (
				163349732243789F00E24F02 /* LaunchScreen.storyboard in Resources */,
				163349702243789F00E24F02 /* Assets.xcassets in Resources */,
				1633496E2243789E00E24F02 /* Main.storyboard in Resources */,
			);
			runOnlyForDeploymentPostprocessing = 0;
		};
/* End PBXResourcesBuildPhase section */

/* Begin PBXSourcesBuildPhase section */
		1633495F2243789E00E24F02 /* Sources */ = {
			isa = PBXSourcesBuildPhase;
			buildActionMask = 2147483647;
			files = (
				1633496B2243789E00E24F02 /* ViewController.m in Sources */,
				163349762243789F00E24F02 /* main.m in Sources */,
				163349682243789E00E24F02 /* AppDelegate.m in Sources */,
			);
			runOnlyForDeploymentPostprocessing = 0;
		};
/* End PBXSourcesBuildPhase section */

/* Begin PBXVariantGroup section */
		1633496C2243789E00E24F02 /* Main.storyboard */ = {
			isa = PBXVariantGroup;
			children = (
				1633496D2243789E00E24F02 /* Base */,
			);
			name = Main.storyboard;
			sourceTree = "<group>";
		};
		163349712243789F00E24F02 /* LaunchScreen.storyboard */ = {
			isa = PBXVariantGroup;
			children = (
				163349722243789F00E24F02 /* Base */,
			);
			name = LaunchScreen.storyboard;
			sourceTree = "<group>";
		};
/* End PBXVariantGroup section */

/* Begin XCBuildConfiguration section */
		163349772243789F00E24F02 /* Debug */ = {
			isa = XCBuildConfiguration;
			buildSettings = {
				ALWAYS_SEARCH_USER_PATHS = NO;
				CLANG_ANALYZER_NONNULL = YES;
				CLANG_ANALYZER_NUMBER_OBJECT_CONVERSION = YES_AGGRESSIVE;
				CLANG_CXX_LANGUAGE_STANDARD = "gnu++14";
				CLANG_CXX_LIBRARY = "libc++";
				CLANG_ENABLE_MODULES = YES;
				CLANG_ENABLE_OBJC_ARC = YES;
				CLANG_ENABLE_OBJC_WEAK = YES;
				CLANG_WARN_BLOCK_CAPTURE_AUTORELEASING = YES;
				CLANG_WARN_BOOL_CONVERSION = YES;
				CLANG_WARN_COMMA = YES;
				CLANG_WARN_CONSTANT_CONVERSION = YES;
				CLANG_WARN_DEPRECATED_OBJC_IMPLEMENTATIONS = YES;
				CLANG_WARN_DIRECT_OBJC_ISA_USAGE = YES_ERROR;
				CLANG_WARN_DOCUMENTATION_COMMENTS = YES;
				CLANG_WARN_EMPTY_BODY = YES;
				CLANG_WARN_ENUM_CONVERSION = YES;
				CLANG_WARN_INFINITE_RECURSION = YES;
				CLANG_WARN_INT_CONVERSION = YES;
				CLANG_WARN_NON_LITERAL_NULL_CONVERSION = YES;
				CLANG_WARN_OBJC_IMPLICIT_RETAIN_SELF = YES;
				CLANG_WARN_OBJC_LITERAL_CONVERSION = YES;
				CLANG_WARN_OBJC_ROOT_CLASS = YES_ERROR;
				CLANG_WARN_RANGE_LOOP_ANALYSIS = YES;
				CLANG_WARN_STRICT_PROTOTYPES = YES;
				CLANG_WARN_SUSPICIOUS_MOVE = YES;
				CLANG_WARN_UNGUARDED_AVAILABILITY = YES_AGGRESSIVE;
				CLANG_WARN_UNREACHABLE_CODE = YES;
				CLANG_WARN__DUPLICATE_METHOD_MATCH = YES;
				CODE_SIGN_IDENTITY = "iPhone Developer";
				COPY_PHASE_STRIP = NO;
				DEBUG_INFORMATION_FORMAT = dwarf;
				ENABLE_STRICT_OBJC_MSGSEND = YES;
				ENABLE_TESTABILITY = YES;
				GCC_C_LANGUAGE_STANDARD = gnu11;
				GCC_DYNAMIC_NO_PIC = NO;
				GCC_NO_COMMON_BLOCKS = YES;
				GCC_OPTIMIZATION_LEVEL = 0;
				GCC_PREPROCESSOR_DEFINITIONS = (
					"DEBUG=1",
					"$(inherited)",
				);
				GCC_WARN_64_TO_32_BIT_CONVERSION = YES;
				GCC_WARN_ABOUT_RETURN_TYPE = YES_ERROR;
				GCC_WARN_UNDECLARED_SELECTOR = YES;
				GCC_WARN_UNINITIALIZED_AUTOS = YES_AGGRESSIVE;
				GCC_WARN_UNUSED_FUNCTION = YES;
				GCC_WARN_UNUSED_VARIABLE = YES;
				IPHONEOS_DEPLOYMENT_TARGET = 12.1;
				MTL_ENABLE_DEBUG_INFO = INCLUDE_SOURCE;
				MTL_FAST_MATH = YES;
				ONLY_ACTIVE_ARCH = YES;
				SDKROOT = iphoneos;
			};
			name = Debug;
		};
		163349782243789F00E24F02 /* Release */ = {
			isa = XCBuildConfiguration;
			buildSettings = {
				ALWAYS_SEARCH_USER_PATHS = NO;
				CLANG_ANALYZER_NONNULL = YES;
				CLANG_ANALYZER_NUMBER_OBJECT_CONVERSION = YES_AGGRESSIVE;
				CLANG_CXX_LANGUAGE_STANDARD = "gnu++14";
				CLANG_CXX_LIBRARY = "libc++";
				CLANG_ENABLE_MODULES = YES;
				CLANG_ENABLE_OBJC_ARC = YES;
				CLANG_ENABLE_OBJC_WEAK = YES;
				CLANG_WARN_BLOCK_CAPTURE_AUTORELEASING = YES;
				CLANG_WARN_BOOL_CONVERSION = YES;
				CLANG_WARN_COMMA = YES;
				CLANG_WARN_CONSTANT_CONVERSION = YES;
				CLANG_WARN_DEPRECATED_OBJC_IMPLEMENTATIONS = YES;
				CLANG_WARN_DIRECT_OBJC_ISA_USAGE = YES_ERROR;
				CLANG_WARN_DOCUMENTATION_COMMENTS = YES;
				CLANG_WARN_EMPTY_BODY = YES;
				CLANG_WARN_ENUM_CONVERSION = YES;
				CLANG_WARN_INFINITE_RECURSION = YES;
				CLANG_WARN_INT_CONVERSION = YES;
				CLANG_WARN_NON_LITERAL_NULL_CONVERSION = YES;
				CLANG_WARN_OBJC_IMPLICIT_RETAIN_SELF = YES;
				CLANG_WARN_OBJC_LITERAL_CONVERSION = YES;
				CLANG_WARN_OBJC_ROOT_CLASS = YES_ERROR;
				CLANG_WARN_RANGE_LOOP_ANALYSIS = YES;
				CLANG_WARN_STRICT_PROTOTYPES = YES;
				CLANG_WARN_SUSPICIOUS_MOVE = YES;
				CLANG_WARN_UNGUARDED_AVAILABILITY = YES_AGGRESSIVE;
				CLANG_WARN_UNREACHABLE_CODE = YES;
				CLANG_WARN__DUPLICATE_METHOD_MATCH = YES;
				CODE_SIGN_IDENTITY = "iPhone Developer";
				COPY_PHASE_STRIP = NO;
				DEBUG_INFORMATION_FORMAT = "dwarf-with-dsym";
				ENABLE_NS_ASSERTIONS = NO;
				ENABLE_STRICT_OBJC_MSGSEND = YES;
				GCC_C_LANGUAGE_STANDARD = gnu11;
				GCC_NO_COMMON_BLOCKS = YES;
				GCC_WARN_64_TO_32_BIT_CONVERSION = YES;
				GCC_WARN_ABOUT_RETURN_TYPE = YES_ERROR;
				GCC_WARN_UNDECLARED_SELECTOR = YES;
				GCC_WARN_UNINITIALIZED_AUTOS = YES_AGGRESSIVE;
				GCC_WARN_UNUSED_FUNCTION = YES;
				GCC_WARN_UNUSED_VARIABLE = YES;
				IPHONEOS_DEPLOYMENT_TARGET = 12.1;
				MTL_ENABLE_DEBUG_INFO = NO;
				MTL_FAST_MATH = YES;
				SDKROOT = iphoneos;
				VALIDATE_PRODUCT = YES;
			};
			name = Release;
		};
		1633497A2243789F00E24F02 /* Debug */ = {
			isa = XCBuildConfiguration;
			buildSettings = {
				ASSETCATALOG_COMPILER_APPICON_NAME = AppIcon;
				CODE_SIGN_STYLE = Automatic;
				DEVELOPMENT_TEAM = RVS482PXM9;
				HEADER_SEARCH_PATHS = "";
				INFOPLIST_FILE = ParentEnd/Info.plist;
				IPHONEOS_DEPLOYMENT_TARGET = 9.0;
				LD_RUNPATH_SEARCH_PATHS = (
					"$(inherited)",
					"@executable_path/Frameworks",
				);
				PRODUCT_BUNDLE_IDENTIFIER = hqm.ParentEnd;
				PRODUCT_NAME = "$(TARGET_NAME)";
				TARGETED_DEVICE_FAMILY = 1;
			};
			name = Debug;
		};
		1633497B2243789F00E24F02 /* Release */ = {
			isa = XCBuildConfiguration;
			buildSettings = {
				ASSETCATALOG_COMPILER_APPICON_NAME = AppIcon;
				CODE_SIGN_STYLE = Automatic;
				DEVELOPMENT_TEAM = RVS482PXM9;
				HEADER_SEARCH_PATHS = "";
				INFOPLIST_FILE = ParentEnd/Info.plist;
				IPHONEOS_DEPLOYMENT_TARGET = 9.0;
				LD_RUNPATH_SEARCH_PATHS = (
					"$(inherited)",
					"@executable_path/Frameworks",
				);
				PRODUCT_BUNDLE_IDENTIFIER = hqm.ParentEnd;
				PRODUCT_NAME = "$(TARGET_NAME)";
				TARGETED_DEVICE_FAMILY = 1;
			};
			name = Release;
		};
/* End XCBuildConfiguration section */

/* Begin XCConfigurationList section */
		1633495E2243789E00E24F02 /* Build configuration list for PBXProject "ParentEnd" */ = {
			isa = XCConfigurationList;
			buildConfigurations = (
				163349772243789F00E24F02 /* Debug */,
				163349782243789F00E24F02 /* Release */,
			);
			defaultConfigurationIsVisible = 0;
			defaultConfigurationName = Release;
		};
		163349792243789F00E24F02 /* Build configuration list for PBXNativeTarget "ParentEnd" */ = {
			isa = XCConfigurationList;
			buildConfigurations = (
				1633497A2243789F00E24F02 /* Debug */,
				1633497B2243789F00E24F02 /* Release */,
			);
			defaultConfigurationIsVisible = 0;
			defaultConfigurationName = Release;
		};
/* End XCConfigurationList section */
	};
	rootObject = 1633495B2243789E00E24F02 /* Project object */;
}
