// !$*UTF8*$!
{
	archiveVersion = 1;
	classes = {
	};
	objectVersion = 50;
	objects = {

/* Begin PBXBuildFile section */
		136ECAFC2238E48D2DDA1746 /* libPods-OKPickCarType.a in Frameworks */ = {isa = PBXBuildFile; fileRef = 015A755E0479FF4C636B7CA4 /* libPods-OKPickCarType.a */; };
		164BA96E22B5076A0011EF91 /* OKImageDetailViewController.m in Sources */ = {isa = PBXBuildFile; fileRef = 164BA96D22B5076A0011EF91 /* OKImageDetailViewController.m */; };
		164BA97122B50DB50011EF91 /* OKDifferentModeImageVC.m in Sources */ = {isa = PBXBuildFile; fileRef = 164BA97022B50DB50011EF91 /* OKDifferentModeImageVC.m */; };
		169DC16022A7ACD200EFF557 /* AppDelegate.m in Sources */ = {isa = PBXBuildFile; fileRef = 169DC15F22A7ACD200EFF557 /* AppDelegate.m */; };
		169DC16322A7ACD200EFF557 /* OKViewController.m in Sources */ = {isa = PBXBuildFile; fileRef = 169DC16222A7ACD200EFF557 /* OKViewController.m */; };
		169DC16622A7ACD200EFF557 /* Main.storyboard in Resources */ = {isa = PBXBuildFile; fileRef = 169DC16422A7ACD200EFF557 /* Main.storyboard */; };
		169DC16822A7ACD300EFF557 /* Assets.xcassets in Resources */ = {isa = PBXBuildFile; fileRef = 169DC16722A7ACD300EFF557 /* Assets.xcassets */; };
		169DC16B22A7ACD300EFF557 /* LaunchScreen.storyboard in Resources */ = {isa = PBXBuildFile; fileRef = 169DC16922A7ACD300EFF557 /* LaunchScreen.storyboard */; };
		169DC16E22A7ACD300EFF557 /* main.m in Sources */ = {isa = PBXBuildFile; fileRef = 169DC16D22A7ACD300EFF557 /* main.m */; };
		169DC19E22A7ADFC00EFF557 /* OKValuationView.m in Sources */ = {isa = PBXBuildFile; fileRef = 169DC19D22A7ADFB00EFF557 /* OKValuationView.m */; };
		169DC1A122A7AE0500EFF557 /* OKCarCell.m in Sources */ = {isa = PBXBuildFile; fileRef = 169DC1A022A7AE0500EFF557 /* OKCarCell.m */; };
		169DC1A422A7AE0C00EFF557 /* OKCar.m in Sources */ = {isa = PBXBuildFile; fileRef = 169DC1A222A7AE0C00EFF557 /* OKCar.m */; };
		169DC1A722A7B0B500EFF557 /* OKPriceDescViewController.m in Sources */ = {isa = PBXBuildFile; fileRef = 169DC1A622A7B0B500EFF557 /* OKPriceDescViewController.m */; };
		16ADE64A22B1528800CCFEEA /* OKDisplayDifferentImageVC.m in Sources */ = {isa = PBXBuildFile; fileRef = 16ADE64922B1528800CCFEEA /* OKDisplayDifferentImageVC.m */; };
/* End PBXBuildFile section */

/* Begin PBXFileReference section */
		015A755E0479FF4C636B7CA4 /* libPods-OKPickCarType.a */ = {isa = PBXFileReference; explicitFileType = archive.ar; includeInIndex = 0; path = "libPods-OKPickCarType.a"; sourceTree = BUILT_PRODUCTS_DIR; };
		164BA96C22B5076A0011EF91 /* OKImageDetailViewController.h */ = {isa = PBXFileReference; lastKnownFileType = sourcecode.c.h; path = OKImageDetailViewController.h; sourceTree = "<group>"; };
		164BA96D22B5076A0011EF91 /* OKImageDetailViewController.m */ = {isa = PBXFileReference; lastKnownFileType = sourcecode.c.objc; path = OKImageDetailViewController.m; sourceTree = "<group>"; };
		164BA96F22B50DB50011EF91 /* OKDifferentModeImageVC.h */ = {isa = PBXFileReference; lastKnownFileType = sourcecode.c.h; path = OKDifferentModeImageVC.h; sourceTree = "<group>"; };
		164BA97022B50DB50011EF91 /* OKDifferentModeImageVC.m */ = {isa = PBXFileReference; lastKnownFileType = sourcecode.c.objc; path = OKDifferentModeImageVC.m; sourceTree = "<group>"; };
		169DC15B22A7ACD200EFF557 /* OKPickCarType.app */ = {isa = PBXFileReference; explicitFileType = wrapper.application; includeInIndex = 0; path = OKPickCarType.app; sourceTree = BUILT_PRODUCTS_DIR; };
		169DC15E22A7ACD200EFF557 /* AppDelegate.h */ = {isa = PBXFileReference; lastKnownFileType = sourcecode.c.h; path = AppDelegate.h; sourceTree = "<group>"; };
		169DC15F22A7ACD200EFF557 /* AppDelegate.m */ = {isa = PBXFileReference; lastKnownFileType = sourcecode.c.objc; path = AppDelegate.m; sourceTree = "<group>"; };
		169DC16122A7ACD200EFF557 /* OKViewController.h */ = {isa = PBXFileReference; lastKnownFileType = sourcecode.c.h; path = OKViewController.h; sourceTree = "<group>"; };
		169DC16222A7ACD200EFF557 /* OKViewController.m */ = {isa = PBXFileReference; lastKnownFileType = sourcecode.c.objc; path = OKViewController.m; sourceTree = "<group>"; };
		169DC16522A7ACD200EFF557 /* Base */ = {isa = PBXFileReference; lastKnownFileType = file.storyboard; name = Base; path = Base.lproj/Main.storyboard; sourceTree = "<group>"; };
		169DC16722A7ACD300EFF557 /* Assets.xcassets */ = {isa = PBXFileReference; lastKnownFileType = folder.assetcatalog; path = Assets.xcassets; sourceTree = "<group>"; };
		169DC16A22A7ACD300EFF557 /* Base */ = {isa = PBXFileReference; lastKnownFileType = file.storyboard; name = Base; path = Base.lproj/LaunchScreen.storyboard; sourceTree = "<group>"; };
		169DC16C22A7ACD300EFF557 /* Info.plist */ = {isa = PBXFileReference; lastKnownFileType = text.plist.xml; path = Info.plist; sourceTree = "<group>"; };
		169DC16D22A7ACD300EFF557 /* main.m */ = {isa = PBXFileReference; lastKnownFileType = sourcecode.c.objc; path = main.m; sourceTree = "<group>"; };
		169DC19C22A7ADFB00EFF557 /* OKValuationView.h */ = {isa = PBXFileReference; fileEncoding = 4; lastKnownFileType = sourcecode.c.h; path = OKValuationView.h; sourceTree = "<group>"; };
		169DC19D22A7ADFB00EFF557 /* OKValuationView.m */ = {isa = PBXFileReference; fileEncoding = 4; lastKnownFileType = sourcecode.c.objc; path = OKValuationView.m; sourceTree = "<group>"; };
		169DC19F22A7AE0500EFF557 /* OKCarCell.h */ = {isa = PBXFileReference; fileEncoding = 4; lastKnownFileType = sourcecode.c.h; path = OKCarCell.h; sourceTree = "<group>"; };
		169DC1A022A7AE0500EFF557 /* OKCarCell.m */ = {isa = PBXFileReference; fileEncoding = 4; lastKnownFileType = sourcecode.c.objc; path = OKCarCell.m; sourceTree = "<group>"; };
		169DC1A222A7AE0C00EFF557 /* OKCar.m */ = {isa = PBXFileReference; fileEncoding = 4; lastKnownFileType = sourcecode.c.objc; path = OKCar.m; sourceTree = "<group>"; };
		169DC1A322A7AE0C00EFF557 /* OKCar.h */ = {isa = PBXFileReference; fileEncoding = 4; lastKnownFileType = sourcecode.c.h; path = OKCar.h; sourceTree = "<group>"; };
		169DC1A522A7B0B500EFF557 /* OKPriceDescViewController.h */ = {isa = PBXFileReference; lastKnownFileType = sourcecode.c.h; path = OKPriceDescViewController.h; sourceTree = "<group>"; };
		169DC1A622A7B0B500EFF557 /* OKPriceDescViewController.m */ = {isa = PBXFileReference; lastKnownFileType = sourcecode.c.objc; path = OKPriceDescViewController.m; sourceTree = "<group>"; };
		16ADE64822B1528800CCFEEA /* OKDisplayDifferentImageVC.h */ = {isa = PBXFileReference; lastKnownFileType = sourcecode.c.h; path = OKDisplayDifferentImageVC.h; sourceTree = "<group>"; };
		16ADE64922B1528800CCFEEA /* OKDisplayDifferentImageVC.m */ = {isa = PBXFileReference; lastKnownFileType = sourcecode.c.objc; path = OKDisplayDifferentImageVC.m; sourceTree = "<group>"; };
		1A6F51E2018B636E71D1CB5D /* Pods-OKPickCarType.release.xcconfig */ = {isa = PBXFileReference; includeInIndex = 1; lastKnownFileType = text.xcconfig; name = "Pods-OKPickCarType.release.xcconfig"; path = "Target Support Files/Pods-OKPickCarType/Pods-OKPickCarType.release.xcconfig"; sourceTree = "<group>"; };
		487B8EF9E2295A79ECBCC8D4 /* Pods-OKPickCarType.debug.xcconfig */ = {isa = PBXFileReference; includeInIndex = 1; lastKnownFileType = text.xcconfig; name = "Pods-OKPickCarType.debug.xcconfig"; path = "Target Support Files/Pods-OKPickCarType/Pods-OKPickCarType.debug.xcconfig"; sourceTree = "<group>"; };
/* End PBXFileReference section */

/* Begin PBXFrameworksBuildPhase section */
		169DC15822A7ACD200EFF557 /* Frameworks */ = {
			isa = PBXFrameworksBuildPhase;
			buildActionMask = 2147483647;
			files = (
				136ECAFC2238E48D2DDA1746 /* libPods-OKPickCarType.a in Frameworks */,
			);
			runOnlyForDeploymentPostprocessing = 0;
		};
/* End PBXFrameworksBuildPhase section */

/* Begin PBXGroup section */
		169DC15222A7ACD200EFF557 = {
			isa = PBXGroup;
			children = (
				169DC15D22A7ACD200EFF557 /* OKPickCarType */,
				169DC15C22A7ACD200EFF557 /* Products */,
				D33253F87692E364E96F6D24 /* Pods */,
				8A2C0BEDB6753E32AF459FD5 /* Frameworks */,
			);
			sourceTree = "<group>";
		};
		169DC15C22A7ACD200EFF557 /* Products */ = {
			isa = PBXGroup;
			children = (
				169DC15B22A7ACD200EFF557 /* OKPickCarType.app */,
			);
			name = Products;
			sourceTree = "<group>";
		};
		169DC15D22A7ACD200EFF557 /* OKPickCarType */ = {
			isa = PBXGroup;
			children = (
				169DC17422A7ACE800EFF557 /* Class */,
				169DC15E22A7ACD200EFF557 /* AppDelegate.h */,
				169DC15F22A7ACD200EFF557 /* AppDelegate.m */,
				169DC16422A7ACD200EFF557 /* Main.storyboard */,
				169DC16722A7ACD300EFF557 /* Assets.xcassets */,
				169DC16922A7ACD300EFF557 /* LaunchScreen.storyboard */,
				169DC16C22A7ACD300EFF557 /* Info.plist */,
				169DC16D22A7ACD300EFF557 /* main.m */,
			);
			path = OKPickCarType;
			sourceTree = "<group>";
		};
		169DC17422A7ACE800EFF557 /* Class */ = {
			isa = PBXGroup;
			children = (
				169DC17722A7AD1800EFF557 /* Model */,
				169DC17622A7AD0C00EFF557 /* Controller */,
				169DC17522A7ACFE00EFF557 /* View */,
			);
			path = Class;
			sourceTree = "<group>";
		};
		169DC17522A7ACFE00EFF557 /* View */ = {
			isa = PBXGroup;
			children = (
				16ADE64D22B153DA00CCFEEA /* ShouQi */,
				16ADE64C22B153CE00CCFEEA /* DiDi */,
			);
			path = View;
			sourceTree = "<group>";
		};
		169DC17622A7AD0C00EFF557 /* Controller */ = {
			isa = PBXGroup;
			children = (
				169DC16122A7ACD200EFF557 /* OKViewController.h */,
				169DC16222A7ACD200EFF557 /* OKViewController.m */,
				169DC1A522A7B0B500EFF557 /* OKPriceDescViewController.h */,
				169DC1A622A7B0B500EFF557 /* OKPriceDescViewController.m */,
				16ADE64822B1528800CCFEEA /* OKDisplayDifferentImageVC.h */,
				16ADE64922B1528800CCFEEA /* OKDisplayDifferentImageVC.m */,
				164BA96C22B5076A0011EF91 /* OKImageDetailViewController.h */,
				164BA96D22B5076A0011EF91 /* OKImageDetailViewController.m */,
				164BA96F22B50DB50011EF91 /* OKDifferentModeImageVC.h */,
				164BA97022B50DB50011EF91 /* OKDifferentModeImageVC.m */,
			);
			path = Controller;
			sourceTree = "<group>";
		};
		169DC17722A7AD1800EFF557 /* Model */ = {
			isa = PBXGroup;
			children = (
				169DC1A322A7AE0C00EFF557 /* OKCar.h */,
				169DC1A222A7AE0C00EFF557 /* OKCar.m */,
			);
			path = Model;
			sourceTree = "<group>";
		};
		16ADE64C22B153CE00CCFEEA /* DiDi */ = {
			isa = PBXGroup;
			children = (
				169DC19C22A7ADFB00EFF557 /* OKValuationView.h */,
				169DC19D22A7ADFB00EFF557 /* OKValuationView.m */,
				169DC19F22A7AE0500EFF557 /* OKCarCell.h */,
				169DC1A022A7AE0500EFF557 /* OKCarCell.m */,
			);
			path = DiDi;
			sourceTree = "<group>";
		};
		16ADE64D22B153DA00CCFEEA /* ShouQi */ = {
			isa = PBXGroup;
			children = (
			);
			path = ShouQi;
			sourceTree = "<group>";
		};
		8A2C0BEDB6753E32AF459FD5 /* Frameworks */ = {
			isa = PBXGroup;
			children = (
				015A755E0479FF4C636B7CA4 /* libPods-OKPickCarType.a */,
			);
			name = Frameworks;
			sourceTree = "<group>";
		};
		D33253F87692E364E96F6D24 /* Pods */ = {
			isa = PBXGroup;
			children = (
				487B8EF9E2295A79ECBCC8D4 /* Pods-OKPickCarType.debug.xcconfig */,
				1A6F51E2018B636E71D1CB5D /* Pods-OKPickCarType.release.xcconfig */,
			);
			path = Pods;
			sourceTree = "<group>";
		};
/* End PBXGroup section */

/* Begin PBXNativeTarget section */
		169DC15A22A7ACD200EFF557 /* OKPickCarType */ = {
			isa = PBXNativeTarget;
			buildConfigurationList = 169DC17122A7ACD300EFF557 /* Build configuration list for PBXNativeTarget "OKPickCarType" */;
			buildPhases = (
				A01A83FA81E058987128F7FD /* [CP] Check Pods Manifest.lock */,
				169DC15722A7ACD200EFF557 /* Sources */,
				169DC15822A7ACD200EFF557 /* Frameworks */,
				169DC15922A7ACD200EFF557 /* Resources */,
			);
			buildRules = (
			);
			dependencies = (
			);
			name = OKPickCarType;
			productName = OKPickCarType;
			productReference = 169DC15B22A7ACD200EFF557 /* OKPickCarType.app */;
			productType = "com.apple.product-type.application";
		};
/* End PBXNativeTarget section */

/* Begin PBXProject section */
		169DC15322A7ACD200EFF557 /* Project object */ = {
			isa = PBXProject;
			attributes = {
				LastUpgradeCheck = 1020;
				ORGANIZATIONNAME = ok;
				TargetAttributes = {
					169DC15A22A7ACD200EFF557 = {
						CreatedOnToolsVersion = 10.2;
					};
				};
			};
			buildConfigurationList = 169DC15622A7ACD200EFF557 /* Build configuration list for PBXProject "OKPickCarType" */;
			compatibilityVersion = "Xcode 9.3";
			developmentRegion = en;
			hasScannedForEncodings = 0;
			knownRegions = (
				en,
				Base,
			);
			mainGroup = 169DC15222A7ACD200EFF557;
			productRefGroup = 169DC15C22A7ACD200EFF557 /* Products */;
			projectDirPath = "";
			projectRoot = "";
			targets = (
				169DC15A22A7ACD200EFF557 /* OKPickCarType */,
			);
		};
/* End PBXProject section */

/* Begin PBXResourcesBuildPhase section */
		169DC15922A7ACD200EFF557 /* Resources */ = {
			isa = PBXResourcesBuildPhase;
			buildActionMask = 2147483647;
			files = (
				169DC16B22A7ACD300EFF557 /* LaunchScreen.storyboard in Resources */,
				169DC16822A7ACD300EFF557 /* Assets.xcassets in Resources */,
				169DC16622A7ACD200EFF557 /* Main.storyboard in Resources */,
			);
			runOnlyForDeploymentPostprocessing = 0;
		};
/* End PBXResourcesBuildPhase section */

/* Begin PBXShellScriptBuildPhase section */
		A01A83FA81E058987128F7FD /* [CP] Check Pods Manifest.lock */ = {
			isa = PBXShellScriptBuildPhase;
			buildActionMask = 2147483647;
			files = (
			);
			inputFileListPaths = (
			);
			inputPaths = (
				"${PODS_PODFILE_DIR_PATH}/Podfile.lock",
				"${PODS_ROOT}/Manifest.lock",
			);
			name = "[CP] Check Pods Manifest.lock";
			outputFileListPaths = (
			);
			outputPaths = (
				"$(DERIVED_FILE_DIR)/Pods-OKPickCarType-checkManifestLockResult.txt",
			);
			runOnlyForDeploymentPostprocessing = 0;
			shellPath = /bin/sh;
			shellScript = "diff \"${PODS_PODFILE_DIR_PATH}/Podfile.lock\" \"${PODS_ROOT}/Manifest.lock\" > /dev/null\nif [ $? != 0 ] ; then\n    # print error to STDERR\n    echo \"error: The sandbox is not in sync with the Podfile.lock. Run 'pod install' or update your CocoaPods installation.\" >&2\n    exit 1\nfi\n# This output is used by Xcode 'outputs' to avoid re-running this script phase.\necho \"SUCCESS\" > \"${SCRIPT_OUTPUT_FILE_0}\"\n";
			showEnvVarsInLog = 0;
		};
/* End PBXShellScriptBuildPhase section */

/* Begin PBXSourcesBuildPhase section */
		169DC15722A7ACD200EFF557 /* Sources */ = {
			isa = PBXSourcesBuildPhase;
			buildActionMask = 2147483647;
			files = (
				164BA97122B50DB50011EF91 /* OKDifferentModeImageVC.m in Sources */,
				169DC16322A7ACD200EFF557 /* OKViewController.m in Sources */,
				16ADE64A22B1528800CCFEEA /* OKDisplayDifferentImageVC.m in Sources */,
				169DC1A722A7B0B500EFF557 /* OKPriceDescViewController.m in Sources */,
				164BA96E22B5076A0011EF91 /* OKImageDetailViewController.m in Sources */,
				169DC16E22A7ACD300EFF557 /* main.m in Sources */,
				169DC1A122A7AE0500EFF557 /* OKCarCell.m in Sources */,
				169DC1A422A7AE0C00EFF557 /* OKCar.m in Sources */,
				169DC16022A7ACD200EFF557 /* AppDelegate.m in Sources */,
				169DC19E22A7ADFC00EFF557 /* OKValuationView.m in Sources */,
			);
			runOnlyForDeploymentPostprocessing = 0;
		};
/* End PBXSourcesBuildPhase section */

/* Begin PBXVariantGroup section */
		169DC16422A7ACD200EFF557 /* Main.storyboard */ = {
			isa = PBXVariantGroup;
			children = (
				169DC16522A7ACD200EFF557 /* Base */,
			);
			name = Main.storyboard;
			sourceTree = "<group>";
		};
		169DC16922A7ACD300EFF557 /* LaunchScreen.storyboard */ = {
			isa = PBXVariantGroup;
			children = (
				169DC16A22A7ACD300EFF557 /* Base */,
			);
			name = LaunchScreen.storyboard;
			sourceTree = "<group>";
		};
/* End PBXVariantGroup section */

/* Begin XCBuildConfiguration section */
		169DC16F22A7ACD300EFF557 /* Debug */ = {
			isa = XCBuildConfiguration;
			buildSettings = {
				ALWAYS_SEARCH_USER_PATHS = NO;
				CLANG_ANALYZER_NONNULL = YES;
				CLANG_ANALYZER_NUMBER_OBJECT_CONVERSION = YES_AGGRESSIVE;
				CLANG_CXX_LANGUAGE_STANDARD = "gnu++14";
				CLANG_CXX_LIBRARY = "libc++";
				CLANG_ENABLE_MODULES = YES;
				CLANG_ENABLE_OBJC_ARC = YES;
				CLANG_ENABLE_OBJC_WEAK = YES;
				CLANG_WARN_BLOCK_CAPTURE_AUTORELEASING = YES;
				CLANG_WARN_BOOL_CONVERSION = YES;
				CLANG_WARN_COMMA = YES;
				CLANG_WARN_CONSTANT_CONVERSION = YES;
				CLANG_WARN_DEPRECATED_OBJC_IMPLEMENTATIONS = YES;
				CLANG_WARN_DIRECT_OBJC_ISA_USAGE = YES_ERROR;
				CLANG_WARN_DOCUMENTATION_COMMENTS = YES;
				CLANG_WARN_EMPTY_BODY = YES;
				CLANG_WARN_ENUM_CONVERSION = YES;
				CLANG_WARN_INFINITE_RECURSION = YES;
				CLANG_WARN_INT_CONVERSION = YES;
				CLANG_WARN_NON_LITERAL_NULL_CONVERSION = YES;
				CLANG_WARN_OBJC_IMPLICIT_RETAIN_SELF = YES;
				CLANG_WARN_OBJC_LITERAL_CONVERSION = YES;
				CLANG_WARN_OBJC_ROOT_CLASS = YES_ERROR;
				CLANG_WARN_RANGE_LOOP_ANALYSIS = YES;
				CLANG_WARN_STRICT_PROTOTYPES = YES;
				CLANG_WARN_SUSPICIOUS_MOVE = YES;
				CLANG_WARN_UNGUARDED_AVAILABILITY = YES_AGGRESSIVE;
				CLANG_WARN_UNREACHABLE_CODE = YES;
				CLANG_WARN__DUPLICATE_METHOD_MATCH = YES;
				CODE_SIGN_IDENTITY = "iPhone Developer";
				COPY_PHASE_STRIP = NO;
				DEBUG_INFORMATION_FORMAT = dwarf;
				ENABLE_STRICT_OBJC_MSGSEND = YES;
				ENABLE_TESTABILITY = YES;
				GCC_C_LANGUAGE_STANDARD = gnu11;
				GCC_DYNAMIC_NO_PIC = NO;
				GCC_NO_COMMON_BLOCKS = YES;
				GCC_OPTIMIZATION_LEVEL = 0;
				GCC_PREPROCESSOR_DEFINITIONS = (
					"DEBUG=1",
					"$(inherited)",
				);
				GCC_WARN_64_TO_32_BIT_CONVERSION = YES;
				GCC_WARN_ABOUT_RETURN_TYPE = YES_ERROR;
				GCC_WARN_UNDECLARED_SELECTOR = YES;
				GCC_WARN_UNINITIALIZED_AUTOS = YES_AGGRESSIVE;
				GCC_WARN_UNUSED_FUNCTION = YES;
				GCC_WARN_UNUSED_VARIABLE = YES;
				IPHONEOS_DEPLOYMENT_TARGET = 12.2;
				MTL_ENABLE_DEBUG_INFO = INCLUDE_SOURCE;
				MTL_FAST_MATH = YES;
				ONLY_ACTIVE_ARCH = YES;
				SDKROOT = iphoneos;
			};
			name = Debug;
		};
		169DC17022A7ACD300EFF557 /* Release */ = {
			isa = XCBuildConfiguration;
			buildSettings = {
				ALWAYS_SEARCH_USER_PATHS = NO;
				CLANG_ANALYZER_NONNULL = YES;
				CLANG_ANALYZER_NUMBER_OBJECT_CONVERSION = YES_AGGRESSIVE;
				CLANG_CXX_LANGUAGE_STANDARD = "gnu++14";
				CLANG_CXX_LIBRARY = "libc++";
				CLANG_ENABLE_MODULES = YES;
				CLANG_ENABLE_OBJC_ARC = YES;
				CLANG_ENABLE_OBJC_WEAK = YES;
				CLANG_WARN_BLOCK_CAPTURE_AUTORELEASING = YES;
				CLANG_WARN_BOOL_CONVERSION = YES;
				CLANG_WARN_COMMA = YES;
				CLANG_WARN_CONSTANT_CONVERSION = YES;
				CLANG_WARN_DEPRECATED_OBJC_IMPLEMENTATIONS = YES;
				CLANG_WARN_DIRECT_OBJC_ISA_USAGE = YES_ERROR;
				CLANG_WARN_DOCUMENTATION_COMMENTS = YES;
				CLANG_WARN_EMPTY_BODY = YES;
				CLANG_WARN_ENUM_CONVERSION = YES;
				CLANG_WARN_INFINITE_RECURSION = YES;
				CLANG_WARN_INT_CONVERSION = YES;
				CLANG_WARN_NON_LITERAL_NULL_CONVERSION = YES;
				CLANG_WARN_OBJC_IMPLICIT_RETAIN_SELF = YES;
				CLANG_WARN_OBJC_LITERAL_CONVERSION = YES;
				CLANG_WARN_OBJC_ROOT_CLASS = YES_ERROR;
				CLANG_WARN_RANGE_LOOP_ANALYSIS = YES;
				CLANG_WARN_STRICT_PROTOTYPES = YES;
				CLANG_WARN_SUSPICIOUS_MOVE = YES;
				CLANG_WARN_UNGUARDED_AVAILABILITY = YES_AGGRESSIVE;
				CLANG_WARN_UNREACHABLE_CODE = YES;
				CLANG_WARN__DUPLICATE_METHOD_MATCH = YES;
				CODE_SIGN_IDENTITY = "iPhone Developer";
				COPY_PHASE_STRIP = NO;
				DEBUG_INFORMATION_FORMAT = "dwarf-with-dsym";
				ENABLE_NS_ASSERTIONS = NO;
				ENABLE_STRICT_OBJC_MSGSEND = YES;
				GCC_C_LANGUAGE_STANDARD = gnu11;
				GCC_NO_COMMON_BLOCKS = YES;
				GCC_WARN_64_TO_32_BIT_CONVERSION = YES;
				GCC_WARN_ABOUT_RETURN_TYPE = YES_ERROR;
				GCC_WARN_UNDECLARED_SELECTOR = YES;
				GCC_WARN_UNINITIALIZED_AUTOS = YES_AGGRESSIVE;
				GCC_WARN_UNUSED_FUNCTION = YES;
				GCC_WARN_UNUSED_VARIABLE = YES;
				IPHONEOS_DEPLOYMENT_TARGET = 12.2;
				MTL_ENABLE_DEBUG_INFO = NO;
				MTL_FAST_MATH = YES;
				SDKROOT = iphoneos;
				VALIDATE_PRODUCT = YES;
			};
			name = Release;
		};
		169DC17222A7ACD300EFF557 /* Debug */ = {
			isa = XCBuildConfiguration;
			baseConfigurationReference = 487B8EF9E2295A79ECBCC8D4 /* Pods-OKPickCarType.debug.xcconfig */;
			buildSettings = {
				ASSETCATALOG_COMPILER_APPICON_NAME = AppIcon;
				CODE_SIGN_STYLE = Automatic;
				DEVELOPMENT_TEAM = RVS482PXM9;
				INFOPLIST_FILE = OKPickCarType/Info.plist;
				IPHONEOS_DEPLOYMENT_TARGET = 9.0;
				LD_RUNPATH_SEARCH_PATHS = (
					"$(inherited)",
					"@executable_path/Frameworks",
				);
				PRODUCT_BUNDLE_IDENTIFIER = hqm.OKPickCarType;
				PRODUCT_NAME = "$(TARGET_NAME)";
				TARGETED_DEVICE_FAMILY = "1,2";
			};
			name = Debug;
		};
		169DC17322A7ACD300EFF557 /* Release */ = {
			isa = XCBuildConfiguration;
			baseConfigurationReference = 1A6F51E2018B636E71D1CB5D /* Pods-OKPickCarType.release.xcconfig */;
			buildSettings = {
				ASSETCATALOG_COMPILER_APPICON_NAME = AppIcon;
				CODE_SIGN_STYLE = Automatic;
				DEVELOPMENT_TEAM = RVS482PXM9;
				INFOPLIST_FILE = OKPickCarType/Info.plist;
				IPHONEOS_DEPLOYMENT_TARGET = 9.0;
				LD_RUNPATH_SEARCH_PATHS = (
					"$(inherited)",
					"@executable_path/Frameworks",
				);
				PRODUCT_BUNDLE_IDENTIFIER = hqm.OKPickCarType;
				PRODUCT_NAME = "$(TARGET_NAME)";
				TARGETED_DEVICE_FAMILY = "1,2";
			};
			name = Release;
		};
/* End XCBuildConfiguration section */

/* Begin XCConfigurationList section */
		169DC15622A7ACD200EFF557 /* Build configuration list for PBXProject "OKPickCarType" */ = {
			isa = XCConfigurationList;
			buildConfigurations = (
				169DC16F22A7ACD300EFF557 /* Debug */,
				169DC17022A7ACD300EFF557 /* Release */,
			);
			defaultConfigurationIsVisible = 0;
			defaultConfigurationName = Release;
		};
		169DC17122A7ACD300EFF557 /* Build configuration list for PBXNativeTarget "OKPickCarType" */ = {
			isa = XCConfigurationList;
			buildConfigurations = (
				169DC17222A7ACD300EFF557 /* Debug */,
				169DC17322A7ACD300EFF557 /* Release */,
			);
			defaultConfigurationIsVisible = 0;
			defaultConfigurationName = Release;
		};
/* End XCConfigurationList section */
	};
	rootObject = 169DC15322A7ACD200EFF557 /* Project object */;
}
