// !$*UTF8*$!
{
	archiveVersion = 1;
	classes = {
	};
	objectVersion = 46;
	objects = {

/* Begin PBXBuildFile section */
		1612DB8D22C34FF400491750 /* HQMPerson.m in Sources */ = {isa = PBXBuildFile; fileRef = 1612DB8B22C34FD100491750 /* HQMPerson.m */; };
		42F74F781D2376D3009E326F /* main.m in Sources */ = {isa = PBXBuildFile; fileRef = 42F74F771D2376D3009E326F /* main.m */; };
		42F74F831D2376D3009E326F /* Assets.xcassets in Resources */ = {isa = PBXBuildFile; fileRef = 42F74F821D2376D3009E326F /* Assets.xcassets */; };
		42F74F861D2376D3009E326F /* LaunchScreen.storyboard in Resources */ = {isa = PBXBuildFile; fileRef = 42F74F841D2376D3009E326F /* LaunchScreen.storyboard */; };
		42F74FAC1D2376F7009E326F /* AppDelegate.m in Sources */ = {isa = PBXBuildFile; fileRef = 42F74FAB1D2376F7009E326F /* AppDelegate.m */; };
		42F74FB11D237700009E326F /* NSObject+DLIntrospection.m in Sources */ = {isa = PBXBuildFile; fileRef = 42F74FB01D237700009E326F /* NSObject+DLIntrospection.m */; };
		42F74FBF1D237708009E326F /* HQMRootViewController.m in Sources */ = {isa = PBXBuildFile; fileRef = 42F74FB81D237708009E326F /* HQMRootViewController.m */; };
		42F74FC31D23772A009E326F /* Main.storyboard in Resources */ = {isa = PBXBuildFile; fileRef = 42F74FC11D23772A009E326F /* Main.storyboard */; };
/* End PBXBuildFile section */

/* Begin PBXContainerItemProxy section */
		42F74F8D1D2376D3009E326F /* PBXContainerItemProxy */ = {
			isa = PBXContainerItemProxy;
			containerPortal = 42F74F6B1D2376D3009E326F /* Project object */;
			proxyType = 1;
			remoteGlobalIDString = 42F74F721D2376D3009E326F;
			remoteInfo = "验证KVO实现";
		};
		42F74F981D2376D3009E326F /* PBXContainerItemProxy */ = {
			isa = PBXContainerItemProxy;
			containerPortal = 42F74F6B1D2376D3009E326F /* Project object */;
			proxyType = 1;
			remoteGlobalIDString = 42F74F721D2376D3009E326F;
			remoteInfo = "验证KVO实现";
		};
/* End PBXContainerItemProxy section */

/* Begin PBXFileReference section */
		1612DB8A22C34FD100491750 /* HQMPerson.h */ = {isa = PBXFileReference; fileEncoding = 4; lastKnownFileType = sourcecode.c.h; path = HQMPerson.h; sourceTree = "<group>"; };
		1612DB8B22C34FD100491750 /* HQMPerson.m */ = {isa = PBXFileReference; fileEncoding = 4; lastKnownFileType = sourcecode.c.objc; path = HQMPerson.m; sourceTree = "<group>"; };
		42F74F731D2376D3009E326F /* 验证KVO实现.app */ = {isa = PBXFileReference; explicitFileType = wrapper.application; includeInIndex = 0; path = "验证KVO实现.app"; sourceTree = BUILT_PRODUCTS_DIR; };
		42F74F771D2376D3009E326F /* main.m */ = {isa = PBXFileReference; lastKnownFileType = sourcecode.c.objc; path = main.m; sourceTree = "<group>"; };
		42F74F821D2376D3009E326F /* Assets.xcassets */ = {isa = PBXFileReference; lastKnownFileType = folder.assetcatalog; path = Assets.xcassets; sourceTree = "<group>"; };
		42F74F851D2376D3009E326F /* Base */ = {isa = PBXFileReference; lastKnownFileType = file.storyboard; name = Base; path = Base.lproj/LaunchScreen.storyboard; sourceTree = "<group>"; };
		42F74F871D2376D3009E326F /* Info.plist */ = {isa = PBXFileReference; lastKnownFileType = text.plist.xml; path = Info.plist; sourceTree = "<group>"; };
		42F74F8C1D2376D3009E326F /* 验证KVO实现Tests.xctest */ = {isa = PBXFileReference; explicitFileType = wrapper.cfbundle; includeInIndex = 0; path = "验证KVO实现Tests.xctest"; sourceTree = BUILT_PRODUCTS_DIR; };
		42F74F971D2376D3009E326F /* 验证KVO实现UITests.xctest */ = {isa = PBXFileReference; explicitFileType = wrapper.cfbundle; includeInIndex = 0; path = "验证KVO实现UITests.xctest"; sourceTree = BUILT_PRODUCTS_DIR; };
		42F74FAA1D2376F7009E326F /* AppDelegate.h */ = {isa = PBXFileReference; fileEncoding = 4; lastKnownFileType = sourcecode.c.h; path = AppDelegate.h; sourceTree = "<group>"; };
		42F74FAB1D2376F7009E326F /* AppDelegate.m */ = {isa = PBXFileReference; fileEncoding = 4; lastKnownFileType = sourcecode.c.objc; path = AppDelegate.m; sourceTree = "<group>"; };
		42F74FAF1D237700009E326F /* NSObject+DLIntrospection.h */ = {isa = PBXFileReference; fileEncoding = 4; lastKnownFileType = sourcecode.c.h; path = "NSObject+DLIntrospection.h"; sourceTree = "<group>"; };
		42F74FB01D237700009E326F /* NSObject+DLIntrospection.m */ = {isa = PBXFileReference; fileEncoding = 4; lastKnownFileType = sourcecode.c.objc; path = "NSObject+DLIntrospection.m"; sourceTree = "<group>"; };
		42F74FB71D237708009E326F /* HQMRootViewController.h */ = {isa = PBXFileReference; fileEncoding = 4; lastKnownFileType = sourcecode.c.h; path = HQMRootViewController.h; sourceTree = "<group>"; };
		42F74FB81D237708009E326F /* HQMRootViewController.m */ = {isa = PBXFileReference; fileEncoding = 4; lastKnownFileType = sourcecode.c.objc; path = HQMRootViewController.m; sourceTree = "<group>"; };
		42F74FC21D23772A009E326F /* Base */ = {isa = PBXFileReference; lastKnownFileType = file.storyboard; name = Base; path = Base.lproj/Main.storyboard; sourceTree = "<group>"; };
/* End PBXFileReference section */

/* Begin PBXFrameworksBuildPhase section */
		42F74F701D2376D3009E326F /* Frameworks */ = {
			isa = PBXFrameworksBuildPhase;
			buildActionMask = 2147483647;
			files = (
			);
			runOnlyForDeploymentPostprocessing = 0;
		};
		42F74F891D2376D3009E326F /* Frameworks */ = {
			isa = PBXFrameworksBuildPhase;
			buildActionMask = 2147483647;
			files = (
			);
			runOnlyForDeploymentPostprocessing = 0;
		};
		42F74F941D2376D3009E326F /* Frameworks */ = {
			isa = PBXFrameworksBuildPhase;
			buildActionMask = 2147483647;
			files = (
			);
			runOnlyForDeploymentPostprocessing = 0;
		};
/* End PBXFrameworksBuildPhase section */

/* Begin PBXGroup section */
		42F74F6A1D2376D3009E326F = {
			isa = PBXGroup;
			children = (
				42F74F751D2376D3009E326F /* 验证KVO实现 */,
				42F74F741D2376D3009E326F /* Products */,
			);
			sourceTree = "<group>";
		};
		42F74F741D2376D3009E326F /* Products */ = {
			isa = PBXGroup;
			children = (
				42F74F731D2376D3009E326F /* 验证KVO实现.app */,
				42F74F8C1D2376D3009E326F /* 验证KVO实现Tests.xctest */,
				42F74F971D2376D3009E326F /* 验证KVO实现UITests.xctest */,
			);
			name = Products;
			sourceTree = "<group>";
		};
		42F74F751D2376D3009E326F /* 验证KVO实现 */ = {
			isa = PBXGroup;
			children = (
				42F74FA91D2376F7009E326F /* AppDelegate */,
				42F74FB21D237708009E326F /* Classes */,
				42F74FAD1D237700009E326F /* Categories */,
				42F74F821D2376D3009E326F /* Assets.xcassets */,
				42F74F761D2376D3009E326F /* Supporting Files */,
			);
			path = "验证KVO实现";
			sourceTree = "<group>";
		};
		42F74F761D2376D3009E326F /* Supporting Files */ = {
			isa = PBXGroup;
			children = (
				42F74FC11D23772A009E326F /* Main.storyboard */,
				42F74F841D2376D3009E326F /* LaunchScreen.storyboard */,
				42F74F871D2376D3009E326F /* Info.plist */,
				42F74F771D2376D3009E326F /* main.m */,
			);
			name = "Supporting Files";
			sourceTree = "<group>";
		};
		42F74FA91D2376F7009E326F /* AppDelegate */ = {
			isa = PBXGroup;
			children = (
				42F74FAA1D2376F7009E326F /* AppDelegate.h */,
				42F74FAB1D2376F7009E326F /* AppDelegate.m */,
			);
			path = AppDelegate;
			sourceTree = "<group>";
		};
		42F74FAD1D237700009E326F /* Categories */ = {
			isa = PBXGroup;
			children = (
				42F74FAE1D237700009E326F /* DLIntrospection */,
			);
			path = Categories;
			sourceTree = "<group>";
		};
		42F74FAE1D237700009E326F /* DLIntrospection */ = {
			isa = PBXGroup;
			children = (
				42F74FAF1D237700009E326F /* NSObject+DLIntrospection.h */,
				42F74FB01D237700009E326F /* NSObject+DLIntrospection.m */,
			);
			path = DLIntrospection;
			sourceTree = "<group>";
		};
		42F74FB21D237708009E326F /* Classes */ = {
			isa = PBXGroup;
			children = (
				42F74FB31D237708009E326F /* Controller */,
				42F74FB91D237708009E326F /* Model */,
				42F74FBC1D237708009E326F /* View */,
			);
			path = Classes;
			sourceTree = "<group>";
		};
		42F74FB31D237708009E326F /* Controller */ = {
			isa = PBXGroup;
			children = (
				42F74FB71D237708009E326F /* HQMRootViewController.h */,
				42F74FB81D237708009E326F /* HQMRootViewController.m */,
			);
			path = Controller;
			sourceTree = "<group>";
		};
		42F74FB91D237708009E326F /* Model */ = {
			isa = PBXGroup;
			children = (
				1612DB8A22C34FD100491750 /* HQMPerson.h */,
				1612DB8B22C34FD100491750 /* HQMPerson.m */,
			);
			path = Model;
			sourceTree = "<group>";
		};
		42F74FBC1D237708009E326F /* View */ = {
			isa = PBXGroup;
			children = (
			);
			path = View;
			sourceTree = "<group>";
		};
/* End PBXGroup section */

/* Begin PBXNativeTarget section */
		42F74F721D2376D3009E326F /* 验证KVO实现 */ = {
			isa = PBXNativeTarget;
			buildConfigurationList = 42F74FA01D2376D3009E326F /* Build configuration list for PBXNativeTarget "验证KVO实现" */;
			buildPhases = (
				42F74F6F1D2376D3009E326F /* Sources */,
				42F74F701D2376D3009E326F /* Frameworks */,
				42F74F711D2376D3009E326F /* Resources */,
			);
			buildRules = (
			);
			dependencies = (
			);
			name = "验证KVO实现";
			productName = "验证KVO实现";
			productReference = 42F74F731D2376D3009E326F /* 验证KVO实现.app */;
			productType = "com.apple.product-type.application";
		};
		42F74F8B1D2376D3009E326F /* 验证KVO实现Tests */ = {
			isa = PBXNativeTarget;
			buildConfigurationList = 42F74FA31D2376D3009E326F /* Build configuration list for PBXNativeTarget "验证KVO实现Tests" */;
			buildPhases = (
				42F74F881D2376D3009E326F /* Sources */,
				42F74F891D2376D3009E326F /* Frameworks */,
				42F74F8A1D2376D3009E326F /* Resources */,
			);
			buildRules = (
			);
			dependencies = (
				42F74F8E1D2376D3009E326F /* PBXTargetDependency */,
			);
			name = "验证KVO实现Tests";
			productName = "验证KVO实现Tests";
			productReference = 42F74F8C1D2376D3009E326F /* 验证KVO实现Tests.xctest */;
			productType = "com.apple.product-type.bundle.unit-test";
		};
		42F74F961D2376D3009E326F /* 验证KVO实现UITests */ = {
			isa = PBXNativeTarget;
			buildConfigurationList = 42F74FA61D2376D3009E326F /* Build configuration list for PBXNativeTarget "验证KVO实现UITests" */;
			buildPhases = (
				42F74F931D2376D3009E326F /* Sources */,
				42F74F941D2376D3009E326F /* Frameworks */,
				42F74F951D2376D3009E326F /* Resources */,
			);
			buildRules = (
			);
			dependencies = (
				42F74F991D2376D3009E326F /* PBXTargetDependency */,
			);
			name = "验证KVO实现UITests";
			productName = "验证KVO实现UITests";
			productReference = 42F74F971D2376D3009E326F /* 验证KVO实现UITests.xctest */;
			productType = "com.apple.product-type.bundle.ui-testing";
		};
/* End PBXNativeTarget section */

/* Begin PBXProject section */
		42F74F6B1D2376D3009E326F /* Project object */ = {
			isa = PBXProject;
			attributes = {
				LastUpgradeCheck = 0720;
				ORGANIZATIONNAME = huangqimeng;
				TargetAttributes = {
					42F74F721D2376D3009E326F = {
						CreatedOnToolsVersion = 7.2.1;
						ProvisioningStyle = Manual;
					};
					42F74F8B1D2376D3009E326F = {
						CreatedOnToolsVersion = 7.2.1;
						TestTargetID = 42F74F721D2376D3009E326F;
					};
					42F74F961D2376D3009E326F = {
						CreatedOnToolsVersion = 7.2.1;
						TestTargetID = 42F74F721D2376D3009E326F;
					};
				};
			};
			buildConfigurationList = 42F74F6E1D2376D3009E326F /* Build configuration list for PBXProject "验证KVO实现" */;
			compatibilityVersion = "Xcode 3.2";
			developmentRegion = English;
			hasScannedForEncodings = 0;
			knownRegions = (
				English,
				en,
				Base,
			);
			mainGroup = 42F74F6A1D2376D3009E326F;
			productRefGroup = 42F74F741D2376D3009E326F /* Products */;
			projectDirPath = "";
			projectRoot = "";
			targets = (
				42F74F721D2376D3009E326F /* 验证KVO实现 */,
				42F74F8B1D2376D3009E326F /* 验证KVO实现Tests */,
				42F74F961D2376D3009E326F /* 验证KVO实现UITests */,
			);
		};
/* End PBXProject section */

/* Begin PBXResourcesBuildPhase section */
		42F74F711D2376D3009E326F /* Resources */ = {
			isa = PBXResourcesBuildPhase;
			buildActionMask = 2147483647;
			files = (
				42F74F861D2376D3009E326F /* LaunchScreen.storyboard in Resources */,
				42F74F831D2376D3009E326F /* Assets.xcassets in Resources */,
				42F74FC31D23772A009E326F /* Main.storyboard in Resources */,
			);
			runOnlyForDeploymentPostprocessing = 0;
		};
		42F74F8A1D2376D3009E326F /* Resources */ = {
			isa = PBXResourcesBuildPhase;
			buildActionMask = 2147483647;
			files = (
			);
			runOnlyForDeploymentPostprocessing = 0;
		};
		42F74F951D2376D3009E326F /* Resources */ = {
			isa = PBXResourcesBuildPhase;
			buildActionMask = 2147483647;
			files = (
			);
			runOnlyForDeploymentPostprocessing = 0;
		};
/* End PBXResourcesBuildPhase section */

/* Begin PBXSourcesBuildPhase section */
		42F74F6F1D2376D3009E326F /* Sources */ = {
			isa = PBXSourcesBuildPhase;
			buildActionMask = 2147483647;
			files = (
				1612DB8D22C34FF400491750 /* HQMPerson.m in Sources */,
				42F74FB11D237700009E326F /* NSObject+DLIntrospection.m in Sources */,
				42F74FAC1D2376F7009E326F /* AppDelegate.m in Sources */,
				42F74FBF1D237708009E326F /* HQMRootViewController.m in Sources */,
				42F74F781D2376D3009E326F /* main.m in Sources */,
			);
			runOnlyForDeploymentPostprocessing = 0;
		};
		42F74F881D2376D3009E326F /* Sources */ = {
			isa = PBXSourcesBuildPhase;
			buildActionMask = 2147483647;
			files = (
			);
			runOnlyForDeploymentPostprocessing = 0;
		};
		42F74F931D2376D3009E326F /* Sources */ = {
			isa = PBXSourcesBuildPhase;
			buildActionMask = 2147483647;
			files = (
			);
			runOnlyForDeploymentPostprocessing = 0;
		};
/* End PBXSourcesBuildPhase section */

/* Begin PBXTargetDependency section */
		42F74F8E1D2376D3009E326F /* PBXTargetDependency */ = {
			isa = PBXTargetDependency;
			target = 42F74F721D2376D3009E326F /* 验证KVO实现 */;
			targetProxy = 42F74F8D1D2376D3009E326F /* PBXContainerItemProxy */;
		};
		42F74F991D2376D3009E326F /* PBXTargetDependency */ = {
			isa = PBXTargetDependency;
			target = 42F74F721D2376D3009E326F /* 验证KVO实现 */;
			targetProxy = 42F74F981D2376D3009E326F /* PBXContainerItemProxy */;
		};
/* End PBXTargetDependency section */

/* Begin PBXVariantGroup section */
		42F74F841D2376D3009E326F /* LaunchScreen.storyboard */ = {
			isa = PBXVariantGroup;
			children = (
				42F74F851D2376D3009E326F /* Base */,
			);
			name = LaunchScreen.storyboard;
			sourceTree = "<group>";
		};
		42F74FC11D23772A009E326F /* Main.storyboard */ = {
			isa = PBXVariantGroup;
			children = (
				42F74FC21D23772A009E326F /* Base */,
			);
			name = Main.storyboard;
			sourceTree = "<group>";
		};
/* End PBXVariantGroup section */

/* Begin XCBuildConfiguration section */
		42F74F9E1D2376D3009E326F /* Debug */ = {
			isa = XCBuildConfiguration;
			buildSettings = {
				ALWAYS_SEARCH_USER_PATHS = NO;
				CLANG_CXX_LANGUAGE_STANDARD = "gnu++0x";
				CLANG_CXX_LIBRARY = "libc++";
				CLANG_ENABLE_MODULES = YES;
				CLANG_ENABLE_OBJC_ARC = YES;
				CLANG_WARN_BOOL_CONVERSION = YES;
				CLANG_WARN_CONSTANT_CONVERSION = YES;
				CLANG_WARN_DIRECT_OBJC_ISA_USAGE = YES_ERROR;
				CLANG_WARN_EMPTY_BODY = YES;
				CLANG_WARN_ENUM_CONVERSION = YES;
				CLANG_WARN_INT_CONVERSION = YES;
				CLANG_WARN_OBJC_ROOT_CLASS = YES_ERROR;
				CLANG_WARN_UNREACHABLE_CODE = YES;
				CLANG_WARN__DUPLICATE_METHOD_MATCH = YES;
				"CODE_SIGN_IDENTITY[sdk=iphoneos*]" = "iPhone Developer";
				COPY_PHASE_STRIP = NO;
				DEBUG_INFORMATION_FORMAT = dwarf;
				ENABLE_STRICT_OBJC_MSGSEND = YES;
				ENABLE_TESTABILITY = YES;
				GCC_C_LANGUAGE_STANDARD = gnu99;
				GCC_DYNAMIC_NO_PIC = NO;
				GCC_NO_COMMON_BLOCKS = YES;
				GCC_OPTIMIZATION_LEVEL = 0;
				GCC_PREPROCESSOR_DEFINITIONS = (
					"DEBUG=1",
					"$(inherited)",
				);
				GCC_WARN_64_TO_32_BIT_CONVERSION = YES;
				GCC_WARN_ABOUT_RETURN_TYPE = YES_ERROR;
				GCC_WARN_UNDECLARED_SELECTOR = YES;
				GCC_WARN_UNINITIALIZED_AUTOS = YES_AGGRESSIVE;
				GCC_WARN_UNUSED_FUNCTION = YES;
				GCC_WARN_UNUSED_VARIABLE = YES;
				IPHONEOS_DEPLOYMENT_TARGET = 9.2;
				MTL_ENABLE_DEBUG_INFO = YES;
				ONLY_ACTIVE_ARCH = YES;
				SDKROOT = iphoneos;
			};
			name = Debug;
		};
		42F74F9F1D2376D3009E326F /* Release */ = {
			isa = XCBuildConfiguration;
			buildSettings = {
				ALWAYS_SEARCH_USER_PATHS = NO;
				CLANG_CXX_LANGUAGE_STANDARD = "gnu++0x";
				CLANG_CXX_LIBRARY = "libc++";
				CLANG_ENABLE_MODULES = YES;
				CLANG_ENABLE_OBJC_ARC = YES;
				CLANG_WARN_BOOL_CONVERSION = YES;
				CLANG_WARN_CONSTANT_CONVERSION = YES;
				CLANG_WARN_DIRECT_OBJC_ISA_USAGE = YES_ERROR;
				CLANG_WARN_EMPTY_BODY = YES;
				CLANG_WARN_ENUM_CONVERSION = YES;
				CLANG_WARN_INT_CONVERSION = YES;
				CLANG_WARN_OBJC_ROOT_CLASS = YES_ERROR;
				CLANG_WARN_UNREACHABLE_CODE = YES;
				CLANG_WARN__DUPLICATE_METHOD_MATCH = YES;
				"CODE_SIGN_IDENTITY[sdk=iphoneos*]" = "iPhone Developer";
				COPY_PHASE_STRIP = NO;
				DEBUG_INFORMATION_FORMAT = "dwarf-with-dsym";
				ENABLE_NS_ASSERTIONS = NO;
				ENABLE_STRICT_OBJC_MSGSEND = YES;
				GCC_C_LANGUAGE_STANDARD = gnu99;
				GCC_NO_COMMON_BLOCKS = YES;
				GCC_WARN_64_TO_32_BIT_CONVERSION = YES;
				GCC_WARN_ABOUT_RETURN_TYPE = YES_ERROR;
				GCC_WARN_UNDECLARED_SELECTOR = YES;
				GCC_WARN_UNINITIALIZED_AUTOS = YES_AGGRESSIVE;
				GCC_WARN_UNUSED_FUNCTION = YES;
				GCC_WARN_UNUSED_VARIABLE = YES;
				IPHONEOS_DEPLOYMENT_TARGET = 9.2;
				MTL_ENABLE_DEBUG_INFO = NO;
				SDKROOT = iphoneos;
				VALIDATE_PRODUCT = YES;
			};
			name = Release;
		};
		42F74FA11D2376D3009E326F /* Debug */ = {
			isa = XCBuildConfiguration;
			buildSettings = {
				ASSETCATALOG_COMPILER_APPICON_NAME = AppIcon;
				CODE_SIGN_STYLE = Manual;
				DEVELOPMENT_TEAM = "";
				INFOPLIST_FILE = "验证KVO实现/Info.plist";
				IPHONEOS_DEPLOYMENT_TARGET = 8.1;
				LD_RUNPATH_SEARCH_PATHS = "$(inherited) @executable_path/Frameworks";
				PRODUCT_BUNDLE_IDENTIFIER = "App---.--KVO--";
				PRODUCT_NAME = "$(TARGET_NAME)";
				PROVISIONING_PROFILE_SPECIFIER = "";
			};
			name = Debug;
		};
		42F74FA21D2376D3009E326F /* Release */ = {
			isa = XCBuildConfiguration;
			buildSettings = {
				ASSETCATALOG_COMPILER_APPICON_NAME = AppIcon;
				CODE_SIGN_STYLE = Manual;
				DEVELOPMENT_TEAM = "";
				INFOPLIST_FILE = "验证KVO实现/Info.plist";
				IPHONEOS_DEPLOYMENT_TARGET = 8.1;
				LD_RUNPATH_SEARCH_PATHS = "$(inherited) @executable_path/Frameworks";
				PRODUCT_BUNDLE_IDENTIFIER = "App---.--KVO--";
				PRODUCT_NAME = "$(TARGET_NAME)";
				PROVISIONING_PROFILE_SPECIFIER = "";
			};
			name = Release;
		};
		42F74FA41D2376D3009E326F /* Debug */ = {
			isa = XCBuildConfiguration;
			buildSettings = {
				BUNDLE_LOADER = "$(TEST_HOST)";
				INFOPLIST_FILE = "验证KVO实现Tests/Info.plist";
				LD_RUNPATH_SEARCH_PATHS = "$(inherited) @executable_path/Frameworks @loader_path/Frameworks";
				PRODUCT_BUNDLE_IDENTIFIER = "App---.--KVO--Tests";
				PRODUCT_NAME = "$(TARGET_NAME)";
				TEST_HOST = "$(BUILT_PRODUCTS_DIR)/验证KVO实现.app/验证KVO实现";
			};
			name = Debug;
		};
		42F74FA51D2376D3009E326F /* Release */ = {
			isa = XCBuildConfiguration;
			buildSettings = {
				BUNDLE_LOADER = "$(TEST_HOST)";
				INFOPLIST_FILE = "验证KVO实现Tests/Info.plist";
				LD_RUNPATH_SEARCH_PATHS = "$(inherited) @executable_path/Frameworks @loader_path/Frameworks";
				PRODUCT_BUNDLE_IDENTIFIER = "App---.--KVO--Tests";
				PRODUCT_NAME = "$(TARGET_NAME)";
				TEST_HOST = "$(BUILT_PRODUCTS_DIR)/验证KVO实现.app/验证KVO实现";
			};
			name = Release;
		};
		42F74FA71D2376D3009E326F /* Debug */ = {
			isa = XCBuildConfiguration;
			buildSettings = {
				INFOPLIST_FILE = "验证KVO实现UITests/Info.plist";
				LD_RUNPATH_SEARCH_PATHS = "$(inherited) @executable_path/Frameworks @loader_path/Frameworks";
				PRODUCT_BUNDLE_IDENTIFIER = "App---.--KVO--UITests";
				PRODUCT_NAME = "$(TARGET_NAME)";
				TEST_TARGET_NAME = "验证KVO实现";
				USES_XCTRUNNER = YES;
			};
			name = Debug;
		};
		42F74FA81D2376D3009E326F /* Release */ = {
			isa = XCBuildConfiguration;
			buildSettings = {
				INFOPLIST_FILE = "验证KVO实现UITests/Info.plist";
				LD_RUNPATH_SEARCH_PATHS = "$(inherited) @executable_path/Frameworks @loader_path/Frameworks";
				PRODUCT_BUNDLE_IDENTIFIER = "App---.--KVO--UITests";
				PRODUCT_NAME = "$(TARGET_NAME)";
				TEST_TARGET_NAME = "验证KVO实现";
				USES_XCTRUNNER = YES;
			};
			name = Release;
		};
/* End XCBuildConfiguration section */

/* Begin XCConfigurationList section */
		42F74F6E1D2376D3009E326F /* Build configuration list for PBXProject "验证KVO实现" */ = {
			isa = XCConfigurationList;
			buildConfigurations = (
				42F74F9E1D2376D3009E326F /* Debug */,
				42F74F9F1D2376D3009E326F /* Release */,
			);
			defaultConfigurationIsVisible = 0;
			defaultConfigurationName = Release;
		};
		42F74FA01D2376D3009E326F /* Build configuration list for PBXNativeTarget "验证KVO实现" */ = {
			isa = XCConfigurationList;
			buildConfigurations = (
				42F74FA11D2376D3009E326F /* Debug */,
				42F74FA21D2376D3009E326F /* Release */,
			);
			defaultConfigurationIsVisible = 0;
			defaultConfigurationName = Release;
		};
		42F74FA31D2376D3009E326F /* Build configuration list for PBXNativeTarget "验证KVO实现Tests" */ = {
			isa = XCConfigurationList;
			buildConfigurations = (
				42F74FA41D2376D3009E326F /* Debug */,
				42F74FA51D2376D3009E326F /* Release */,
			);
			defaultConfigurationIsVisible = 0;
			defaultConfigurationName = Release;
		};
		42F74FA61D2376D3009E326F /* Build configuration list for PBXNativeTarget "验证KVO实现UITests" */ = {
			isa = XCConfigurationList;
			buildConfigurations = (
				42F74FA71D2376D3009E326F /* Debug */,
				42F74FA81D2376D3009E326F /* Release */,
			);
			defaultConfigurationIsVisible = 0;
			defaultConfigurationName = Release;
		};
/* End XCConfigurationList section */
	};
	rootObject = 42F74F6B1D2376D3009E326F /* Project object */;
}
